// !$*UTF8*$!
{
	archiveVersion = 1;
	classes = {
	};
	objectVersion = 46;
	objects = {

/* Begin PBXBuildFile section */
		DD0B18641D1E4FB000F6605C /* main.m in Sources */ = {isa = PBXBuildFile; fileRef = DD0B18631D1E4FB000F6605C /* main.m */; };
		DD0B18671D1E4FB000F6605C /* AppDelegate.m in Sources */ = {isa = PBXBuildFile; fileRef = DD0B18661D1E4FB000F6605C /* AppDelegate.m */; };
		DD0B186A1D1E4FB000F6605C /* ViewController.m in Sources */ = {isa = PBXBuildFile; fileRef = DD0B18691D1E4FB000F6605C /* ViewController.m */; };
		DD0B186D1D1E4FB000F6605C /* Main.storyboard in Resources */ = {isa = PBXBuildFile; fileRef = DD0B186B1D1E4FB000F6605C /* Main.storyboard */; };
		DD0B186F1D1E4FB000F6605C /* Assets.xcassets in Resources */ = {isa = PBXBuildFile; fileRef = DD0B186E1D1E4FB000F6605C /* Assets.xcassets */; };
		DD0B18721D1E4FB000F6605C /* LaunchScreen.storyboard in Resources */ = {isa = PBXBuildFile; fileRef = DD0B18701D1E4FB000F6605C /* LaunchScreen.storyboard */; };
		DD0B187D1D1E4FB000F6605C /* TenStarTests.m in Sources */ = {isa = PBXBuildFile; fileRef = DD0B187C1D1E4FB000F6605C /* TenStarTests.m */; };
		DD0B18881D1E4FB000F6605C /* TenStarUITests.m in Sources */ = {isa = PBXBuildFile; fileRef = DD0B18871D1E4FB000F6605C /* TenStarUITests.m */; };
		DD0B18971D1E523200F6605C /* login-head.png in Resources */ = {isa = PBXBuildFile; fileRef = DD0B18961D1E523200F6605C /* login-head.png */; };
		DD1224031D2918D100A729F8 /* APIHelperClass.m in Sources */ = {isa = PBXBuildFile; fileRef = DD1224021D2918D100A729F8 /* APIHelperClass.m */; };
		DD15C0C11DC5C5090005D713 /* NSObject+ChooseRegionManager.m in Sources */ = {isa = PBXBuildFile; fileRef = DD15C0C01DC5C5090005D713 /* NSObject+ChooseRegionManager.m */; };
		DD28DA871D493D7700A07829 /* DoorListVC.m in Sources */ = {isa = PBXBuildFile; fileRef = DD28DA861D493D7700A07829 /* DoorListVC.m */; };
		DD303ABC1DBFEC7D00465610 /* Maintenance_15.m in Sources */ = {isa = PBXBuildFile; fileRef = DD303ABB1DBFEC7D00465610 /* Maintenance_15.m */; };
		DD303ABF1DBFEFF200465610 /* Maintenance_16.m in Sources */ = {isa = PBXBuildFile; fileRef = DD303ABE1DBFEFF200465610 /* Maintenance_16.m */; };
		DD47A74C1D505B3C0072E073 /* UpdateDoorVC.m in Sources */ = {isa = PBXBuildFile; fileRef = DD47A74B1D505B3C0072E073 /* UpdateDoorVC.m */; };
		DD4C7CC51D4FEF3A00041C53 /* MKAnnotationView+WebCache.m in Sources */ = {isa = PBXBuildFile; fileRef = DD4C7CA51D4FEF3A00041C53 /* MKAnnotationView+WebCache.m */; };
		DD4C7CC61D4FEF3A00041C53 /* NSData+ImageContentType.m in Sources */ = {isa = PBXBuildFile; fileRef = DD4C7CA71D4FEF3A00041C53 /* NSData+ImageContentType.m */; };
		DD4C7CC71D4FEF3A00041C53 /* SDImageCache.m in Sources */ = {isa = PBXBuildFile; fileRef = DD4C7CA91D4FEF3A00041C53 /* SDImageCache.m */; };
		DD4C7CC81D4FEF3A00041C53 /* SDWebImageCompat.m in Sources */ = {isa = PBXBuildFile; fileRef = DD4C7CAB1D4FEF3A00041C53 /* SDWebImageCompat.m */; };
		DD4C7CC91D4FEF3A00041C53 /* SDWebImageDecoder.m in Sources */ = {isa = PBXBuildFile; fileRef = DD4C7CAD1D4FEF3A00041C53 /* SDWebImageDecoder.m */; };
		DD4C7CCA1D4FEF3A00041C53 /* SDWebImageDownloader.m in Sources */ = {isa = PBXBuildFile; fileRef = DD4C7CAF1D4FEF3A00041C53 /* SDWebImageDownloader.m */; };
		DD4C7CCB1D4FEF3A00041C53 /* SDWebImageDownloaderOperation.m in Sources */ = {isa = PBXBuildFile; fileRef = DD4C7CB11D4FEF3A00041C53 /* SDWebImageDownloaderOperation.m */; };
		DD4C7CCC1D4FEF3A00041C53 /* SDWebImageManager.m in Sources */ = {isa = PBXBuildFile; fileRef = DD4C7CB31D4FEF3A00041C53 /* SDWebImageManager.m */; };
		DD4C7CCD1D4FEF3A00041C53 /* SDWebImagePrefetcher.m in Sources */ = {isa = PBXBuildFile; fileRef = DD4C7CB61D4FEF3A00041C53 /* SDWebImagePrefetcher.m */; };
		DD4C7CCE1D4FEF3A00041C53 /* UIButton+WebCache.m in Sources */ = {isa = PBXBuildFile; fileRef = DD4C7CB81D4FEF3A00041C53 /* UIButton+WebCache.m */; };
		DD4C7CCF1D4FEF3A00041C53 /* UIImage+GIF.m in Sources */ = {isa = PBXBuildFile; fileRef = DD4C7CBA1D4FEF3A00041C53 /* UIImage+GIF.m */; };
		DD4C7CD01D4FEF3A00041C53 /* UIImage+MultiFormat.m in Sources */ = {isa = PBXBuildFile; fileRef = DD4C7CBC1D4FEF3A00041C53 /* UIImage+MultiFormat.m */; };
		DD4C7CD11D4FEF3A00041C53 /* UIImage+WebP.m in Sources */ = {isa = PBXBuildFile; fileRef = DD4C7CBE1D4FEF3A00041C53 /* UIImage+WebP.m */; };
		DD4C7CD21D4FEF3A00041C53 /* UIImageView+HighlightedWebCache.m in Sources */ = {isa = PBXBuildFile; fileRef = DD4C7CC01D4FEF3A00041C53 /* UIImageView+HighlightedWebCache.m */; };
		DD4C7CD31D4FEF3A00041C53 /* UIImageView+WebCache.m in Sources */ = {isa = PBXBuildFile; fileRef = DD4C7CC21D4FEF3A00041C53 /* UIImageView+WebCache.m */; };
		DD4C7CD41D4FEF3A00041C53 /* UIView+WebCacheOperation.m in Sources */ = {isa = PBXBuildFile; fileRef = DD4C7CC41D4FEF3A00041C53 /* UIView+WebCacheOperation.m */; };
		DD517CDA1D55307D00A70481 /* CustomAnnotation.m in Sources */ = {isa = PBXBuildFile; fileRef = DD517CD91D55307D00A70481 /* CustomAnnotation.m */; };
		DD5F5C591D40C39200EA4659 /* Screen Shot 2016-03-21 at 11.33.05 pm.png in Resources */ = {isa = PBXBuildFile; fileRef = DD5F5C581D40C39200EA4659 /* Screen Shot 2016-03-21 at 11.33.05 pm.png */; };
		DD5F5C5C1D40C41D00EA4659 /* ChangePasswordVC.m in Sources */ = {isa = PBXBuildFile; fileRef = DD5F5C5B1D40C41D00EA4659 /* ChangePasswordVC.m */; };
		DD5F5C5E1D40C71000EA4659 /* update-password.png in Resources */ = {isa = PBXBuildFile; fileRef = DD5F5C5D1D40C71000EA4659 /* update-password.png */; };
		DD74B4CF1D55D94F0058A24A /* MAintenance_2ViewController.m in Sources */ = {isa = PBXBuildFile; fileRef = DD74B4CE1D55D94F0058A24A /* MAintenance_2ViewController.m */; };
		DD74B4D21D5602BA0058A24A /* Maintenance3.m in Sources */ = {isa = PBXBuildFile; fileRef = DD74B4D11D5602BA0058A24A /* Maintenance3.m */; };
		DD74B4D51D56050B0058A24A /* Maintenance_4.m in Sources */ = {isa = PBXBuildFile; fileRef = DD74B4D41D56050B0058A24A /* Maintenance_4.m */; };
		DD74B4D81D5608870058A24A /* Maintenance_5.m in Sources */ = {isa = PBXBuildFile; fileRef = DD74B4D71D5608870058A24A /* Maintenance_5.m */; };
		DD74B4DB1D560AC90058A24A /* Maintenance_6.m in Sources */ = {isa = PBXBuildFile; fileRef = DD74B4DA1D560AC90058A24A /* Maintenance_6.m */; };
		DD74B4DE1D560FED0058A24A /* Maintenance_7.m in Sources */ = {isa = PBXBuildFile; fileRef = DD74B4DD1D560FED0058A24A /* Maintenance_7.m */; };
		DD74B4E11D5611000058A24A /* Maintenance_8.m in Sources */ = {isa = PBXBuildFile; fileRef = DD74B4E01D5611000058A24A /* Maintenance_8.m */; };
		DD74B4E41D5611910058A24A /* Maintenance_9.m in Sources */ = {isa = PBXBuildFile; fileRef = DD74B4E31D5611910058A24A /* Maintenance_9.m */; };
		DD74B4E71D56132A0058A24A /* Maintenance_10.m in Sources */ = {isa = PBXBuildFile; fileRef = DD74B4E61D56132A0058A24A /* Maintenance_10.m */; };
		DD74B4EA1D56146E0058A24A /* Maintenance_11.m in Sources */ = {isa = PBXBuildFile; fileRef = DD74B4E91D56146E0058A24A /* Maintenance_11.m */; };
		DD74B4ED1D56153B0058A24A /* Maintenance_12.m in Sources */ = {isa = PBXBuildFile; fileRef = DD74B4EC1D56153B0058A24A /* Maintenance_12.m */; };
		DD74B4F01D5616200058A24A /* Maintenance_13.m in Sources */ = {isa = PBXBuildFile; fileRef = DD74B4EF1D5616200058A24A /* Maintenance_13.m */; };
		DD74B4F91D561C970058A24A /* Maintenance_14.m in Sources */ = {isa = PBXBuildFile; fileRef = DD74B4F81D561C970058A24A /* Maintenance_14.m */; };
		DD74B4FC1D562DC90058A24A /* Maintenance_2.m in Sources */ = {isa = PBXBuildFile; fileRef = DD74B4FB1D562DC90058A24A /* Maintenance_2.m */; };
		DD74B4FF1D5649500058A24A /* Maintenance_5s.m in Sources */ = {isa = PBXBuildFile; fileRef = DD74B4FE1D5649500058A24A /* Maintenance_5s.m */; };
		DD74B50B1D56A09C0058A24A /* SVIndefiniteAnimatedView.m in Sources */ = {isa = PBXBuildFile; fileRef = DD74B5021D56A09C0058A24A /* SVIndefiniteAnimatedView.m */; };
		DD74B50C1D56A09C0058A24A /* SVProgressAnimatedView.m in Sources */ = {isa = PBXBuildFile; fileRef = DD74B5041D56A09C0058A24A /* SVProgressAnimatedView.m */; };
		DD74B50D1D56A09C0058A24A /* SVProgressHUD.bundle in Resources */ = {isa = PBXBuildFile; fileRef = DD74B5061D56A09C0058A24A /* SVProgressHUD.bundle */; };
		DD74B50E1D56A09C0058A24A /* SVProgressHUD.m in Sources */ = {isa = PBXBuildFile; fileRef = DD74B5081D56A09C0058A24A /* SVProgressHUD.m */; };
		DD74B50F1D56A09C0058A24A /* SVRadialGradientLayer.m in Sources */ = {isa = PBXBuildFile; fileRef = DD74B50A1D56A09C0058A24A /* SVRadialGradientLayer.m */; };
		DD9B8C961D59BBB100E53E77 /* Maintenance_10s.m in Sources */ = {isa = PBXBuildFile; fileRef = DD9B8C951D59BBB100E53E77 /* Maintenance_10s.m */; };
		DD9B8C991D59BE0A00E53E77 /* Maintenance_11s.m in Sources */ = {isa = PBXBuildFile; fileRef = DD9B8C981D59BE0A00E53E77 /* Maintenance_11s.m */; };
		DDAB65951D2EE6F9009DBC31 /* RootViewController.m in Sources */ = {isa = PBXBuildFile; fileRef = DDAB65941D2EE6F9009DBC31 /* RootViewController.m */; };
		DDAF05BF1D592BAA00FDFDC6 /* Maintenance_6s.m in Sources */ = {isa = PBXBuildFile; fileRef = DDAF05BE1D592BAA00FDFDC6 /* Maintenance_6s.m */; };
		DDAF05C21D592E8600FDFDC6 /* Maintenance_9s.m in Sources */ = {isa = PBXBuildFile; fileRef = DDAF05C11D592E8600FDFDC6 /* Maintenance_9s.m */; };
		DDB9057E1D53E7E600D43F98 /* Maintenance_1.m in Sources */ = {isa = PBXBuildFile; fileRef = DDB9057D1D53E7E600D43F98 /* Maintenance_1.m */; };
		DDBF49B01D1F1EF20030F8BA /* UIView+Toast.m in Sources */ = {isa = PBXBuildFile; fileRef = DDBF49AF1D1F1EF20030F8BA /* UIView+Toast.m */; };
		DDC5D9681D4C869B00861611 /* TableViewCell.m in Sources */ = {isa = PBXBuildFile; fileRef = DDC5D9671D4C869B00861611 /* TableViewCell.m */; };
		DDC5D9B11D4D434600861611 /* AddDoorVC.m in Sources */ = {isa = PBXBuildFile; fileRef = DDC5D9B01D4D434600861611 /* AddDoorVC.m */; };
		DDCE66991D732A3F00838C3C /* SystemConfiguration.framework in Frameworks */ = {isa = PBXBuildFile; fileRef = DDCE66981D732A3F00838C3C /* SystemConfiguration.framework */; };
		DDCE66E21D4A9F940068ACBA /* ViewDoorVC.m in Sources */ = {isa = PBXBuildFile; fileRef = DDCE66E11D4A9F940068ACBA /* ViewDoorVC.m */; };
		DDD7CD2E1D718D4400D6B1CE /* ViewMaintenancePhoto.m in Sources */ = {isa = PBXBuildFile; fileRef = DDD7CD2D1D718D4400D6B1CE /* ViewMaintenancePhoto.m */; };
		DDDA45A81D36C290003115E2 /* ProfileVC.m in Sources */ = {isa = PBXBuildFile; fileRef = DDDA45A71D36C290003115E2 /* ProfileVC.m */; };
		DDDA45AB1D36D598003115E2 /* MapClass.m in Sources */ = {isa = PBXBuildFile; fileRef = DDDA45AA1D36D598003115E2 /* MapClass.m */; };
		DDDA45AE1D36DC4E003115E2 /* SelectDoorVC.m in Sources */ = {isa = PBXBuildFile; fileRef = DDDA45AD1D36DC4E003115E2 /* SelectDoorVC.m */; };
		DDE9CC1D1D526B60006A7417 /* NotificationVC.m in Sources */ = {isa = PBXBuildFile; fileRef = DDE9CC1C1D526B60006A7417 /* NotificationVC.m */; };
		DDF10DE91D303B1B00BAC91E /* DashBoardVC.m in Sources */ = {isa = PBXBuildFile; fileRef = DDF10DE81D303B1B00BAC91E /* DashBoardVC.m */; };
		DDF10DEB1D303BD200BAC91E /* dashboard-background.png in Resources */ = {isa = PBXBuildFile; fileRef = DDF10DEA1D303BD200BAC91E /* dashboard-background.png */; };
		DDF10DF11D303DAA00BAC91E /* arrow-down.png in Resources */ = {isa = PBXBuildFile; fileRef = DDF10DF01D303DAA00BAC91E /* arrow-down.png */; };
		DDF10DF41D30592F00BAC91E /* MaintenanceVC.m in Sources */ = {isa = PBXBuildFile; fileRef = DDF10DF31D30592F00BAC91E /* MaintenanceVC.m */; };
		DDF10DF61D305F9800BAC91E /* CoreLocation.framework in Frameworks */ = {isa = PBXBuildFile; fileRef = DDF10DF51D305F9800BAC91E /* CoreLocation.framework */; };
		DDF10DF81D305FA100BAC91E /* MapKit.framework in Frameworks */ = {isa = PBXBuildFile; fileRef = DDF10DF71D305FA100BAC91E /* MapKit.framework */; };
		DDF5AD661D6E1A0F00CD471F /* ViewMaintenance.m in Sources */ = {isa = PBXBuildFile; fileRef = DDF5AD651D6E1A0F00CD471F /* ViewMaintenance.m */; };
/* End PBXBuildFile section */

/* Begin PBXContainerItemProxy section */
		DD0B18791D1E4FB000F6605C /* PBXContainerItemProxy */ = {
			isa = PBXContainerItemProxy;
			containerPortal = DD0B18571D1E4FB000F6605C /* Project object */;
			proxyType = 1;
			remoteGlobalIDString = DD0B185E1D1E4FB000F6605C;
			remoteInfo = TenStar;
		};
		DD0B18841D1E4FB000F6605C /* PBXContainerItemProxy */ = {
			isa = PBXContainerItemProxy;
			containerPortal = DD0B18571D1E4FB000F6605C /* Project object */;
			proxyType = 1;
			remoteGlobalIDString = DD0B185E1D1E4FB000F6605C;
			remoteInfo = TenStar;
		};
/* End PBXContainerItemProxy section */

/* Begin PBXFileReference section */
		DD0B185F1D1E4FB000F6605C /* Star Guide.app */ = {isa = PBXFileReference; explicitFileType = wrapper.application; includeInIndex = 0; path = "Star Guide.app"; sourceTree = BUILT_PRODUCTS_DIR; };
		DD0B18631D1E4FB000F6605C /* main.m */ = {isa = PBXFileReference; lastKnownFileType = sourcecode.c.objc; path = main.m; sourceTree = "<group>"; };
		DD0B18651D1E4FB000F6605C /* AppDelegate.h */ = {isa = PBXFileReference; lastKnownFileType = sourcecode.c.h; path = AppDelegate.h; sourceTree = "<group>"; };
		DD0B18661D1E4FB000F6605C /* AppDelegate.m */ = {isa = PBXFileReference; lastKnownFileType = sourcecode.c.objc; path = AppDelegate.m; sourceTree = "<group>"; };
		DD0B18681D1E4FB000F6605C /* ViewController.h */ = {isa = PBXFileReference; lastKnownFileType = sourcecode.c.h; path = ViewController.h; sourceTree = "<group>"; };
		DD0B18691D1E4FB000F6605C /* ViewController.m */ = {isa = PBXFileReference; lastKnownFileType = sourcecode.c.objc; path = ViewController.m; sourceTree = "<group>"; };
		DD0B186C1D1E4FB000F6605C /* Base */ = {isa = PBXFileReference; lastKnownFileType = file.storyboard; name = Base; path = Base.lproj/Main.storyboard; sourceTree = "<group>"; };
		DD0B186E1D1E4FB000F6605C /* Assets.xcassets */ = {isa = PBXFileReference; lastKnownFileType = folder.assetcatalog; path = Assets.xcassets; sourceTree = "<group>"; };
		DD0B18711D1E4FB000F6605C /* Base */ = {isa = PBXFileReference; lastKnownFileType = file.storyboard; name = Base; path = Base.lproj/LaunchScreen.storyboard; sourceTree = "<group>"; };
		DD0B18731D1E4FB000F6605C /* Info.plist */ = {isa = PBXFileReference; lastKnownFileType = text.plist.xml; path = Info.plist; sourceTree = "<group>"; };
		DD0B18781D1E4FB000F6605C /* TenStarTests.xctest */ = {isa = PBXFileReference; explicitFileType = wrapper.cfbundle; includeInIndex = 0; path = TenStarTests.xctest; sourceTree = BUILT_PRODUCTS_DIR; };
		DD0B187C1D1E4FB000F6605C /* TenStarTests.m */ = {isa = PBXFileReference; lastKnownFileType = sourcecode.c.objc; path = TenStarTests.m; sourceTree = "<group>"; };
		DD0B187E1D1E4FB000F6605C /* Info.plist */ = {isa = PBXFileReference; lastKnownFileType = text.plist.xml; path = Info.plist; sourceTree = "<group>"; };
		DD0B18831D1E4FB000F6605C /* TenStarUITests.xctest */ = {isa = PBXFileReference; explicitFileType = wrapper.cfbundle; includeInIndex = 0; path = TenStarUITests.xctest; sourceTree = BUILT_PRODUCTS_DIR; };
		DD0B18871D1E4FB000F6605C /* TenStarUITests.m */ = {isa = PBXFileReference; lastKnownFileType = sourcecode.c.objc; path = TenStarUITests.m; sourceTree = "<group>"; };
		DD0B18891D1E4FB000F6605C /* Info.plist */ = {isa = PBXFileReference; lastKnownFileType = text.plist.xml; path = Info.plist; sourceTree = "<group>"; };
		DD0B18961D1E523200F6605C /* login-head.png */ = {isa = PBXFileReference; lastKnownFileType = image.png; path = "login-head.png"; sourceTree = "<group>"; };
		DD0B18981D1E8E3000F6605C /* TenStar-Prefix.pch */ = {isa = PBXFileReference; fileEncoding = 4; lastKnownFileType = sourcecode.c.h; path = "TenStar-Prefix.pch"; sourceTree = "<group>"; };
		DD1224011D2918D100A729F8 /* APIHelperClass.h */ = {isa = PBXFileReference; fileEncoding = 4; lastKnownFileType = sourcecode.c.h; path = APIHelperClass.h; sourceTree = "<group>"; };
		DD1224021D2918D100A729F8 /* APIHelperClass.m */ = {isa = PBXFileReference; fileEncoding = 4; lastKnownFileType = sourcecode.c.objc; path = APIHelperClass.m; sourceTree = "<group>"; };
		DD15C0BF1DC5C5090005D713 /* NSObject+ChooseRegionManager.h */ = {isa = PBXFileReference; fileEncoding = 4; lastKnownFileType = sourcecode.c.h; path = "NSObject+ChooseRegionManager.h"; sourceTree = "<group>"; };
		DD15C0C01DC5C5090005D713 /* NSObject+ChooseRegionManager.m */ = {isa = PBXFileReference; fileEncoding = 4; lastKnownFileType = sourcecode.c.objc; path = "NSObject+ChooseRegionManager.m"; sourceTree = "<group>"; };
		DD28DA851D493D7700A07829 /* DoorListVC.h */ = {isa = PBXFileReference; fileEncoding = 4; lastKnownFileType = sourcecode.c.h; path = DoorListVC.h; sourceTree = "<group>"; };
		DD28DA861D493D7700A07829 /* DoorListVC.m */ = {isa = PBXFileReference; fileEncoding = 4; lastKnownFileType = sourcecode.c.objc; path = DoorListVC.m; sourceTree = "<group>"; };
		DD303ABA1DBFEC7D00465610 /* Maintenance_15.h */ = {isa = PBXFileReference; fileEncoding = 4; lastKnownFileType = sourcecode.c.h; path = Maintenance_15.h; sourceTree = "<group>"; };
		DD303ABB1DBFEC7D00465610 /* Maintenance_15.m */ = {isa = PBXFileReference; fileEncoding = 4; lastKnownFileType = sourcecode.c.objc; path = Maintenance_15.m; sourceTree = "<group>"; };
		DD303ABD1DBFEFF200465610 /* Maintenance_16.h */ = {isa = PBXFileReference; fileEncoding = 4; lastKnownFileType = sourcecode.c.h; path = Maintenance_16.h; sourceTree = "<group>"; };
		DD303ABE1DBFEFF200465610 /* Maintenance_16.m */ = {isa = PBXFileReference; fileEncoding = 4; lastKnownFileType = sourcecode.c.objc; path = Maintenance_16.m; sourceTree = "<group>"; };
		DD47A74A1D505B3C0072E073 /* UpdateDoorVC.h */ = {isa = PBXFileReference; fileEncoding = 4; lastKnownFileType = sourcecode.c.h; path = UpdateDoorVC.h; sourceTree = "<group>"; };
		DD47A74B1D505B3C0072E073 /* UpdateDoorVC.m */ = {isa = PBXFileReference; fileEncoding = 4; lastKnownFileType = sourcecode.c.objc; path = UpdateDoorVC.m; sourceTree = "<group>"; };
		DD4C7CA41D4FEF3A00041C53 /* MKAnnotationView+WebCache.h */ = {isa = PBXFileReference; fileEncoding = 4; lastKnownFileType = sourcecode.c.h; path = "MKAnnotationView+WebCache.h"; sourceTree = "<group>"; };
		DD4C7CA51D4FEF3A00041C53 /* MKAnnotationView+WebCache.m */ = {isa = PBXFileReference; fileEncoding = 4; lastKnownFileType = sourcecode.c.objc; path = "MKAnnotationView+WebCache.m"; sourceTree = "<group>"; };
		DD4C7CA61D4FEF3A00041C53 /* NSData+ImageContentType.h */ = {isa = PBXFileReference; fileEncoding = 4; lastKnownFileType = sourcecode.c.h; path = "NSData+ImageContentType.h"; sourceTree = "<group>"; };
		DD4C7CA71D4FEF3A00041C53 /* NSData+ImageContentType.m */ = {isa = PBXFileReference; fileEncoding = 4; lastKnownFileType = sourcecode.c.objc; path = "NSData+ImageContentType.m"; sourceTree = "<group>"; };
		DD4C7CA81D4FEF3A00041C53 /* SDImageCache.h */ = {isa = PBXFileReference; fileEncoding = 4; lastKnownFileType = sourcecode.c.h; path = SDImageCache.h; sourceTree = "<group>"; };
		DD4C7CA91D4FEF3A00041C53 /* SDImageCache.m */ = {isa = PBXFileReference; fileEncoding = 4; lastKnownFileType = sourcecode.c.objc; path = SDImageCache.m; sourceTree = "<group>"; };
		DD4C7CAA1D4FEF3A00041C53 /* SDWebImageCompat.h */ = {isa = PBXFileReference; fileEncoding = 4; lastKnownFileType = sourcecode.c.h; path = SDWebImageCompat.h; sourceTree = "<group>"; };
		DD4C7CAB1D4FEF3A00041C53 /* SDWebImageCompat.m */ = {isa = PBXFileReference; fileEncoding = 4; lastKnownFileType = sourcecode.c.objc; path = SDWebImageCompat.m; sourceTree = "<group>"; };
		DD4C7CAC1D4FEF3A00041C53 /* SDWebImageDecoder.h */ = {isa = PBXFileReference; fileEncoding = 4; lastKnownFileType = sourcecode.c.h; path = SDWebImageDecoder.h; sourceTree = "<group>"; };
		DD4C7CAD1D4FEF3A00041C53 /* SDWebImageDecoder.m */ = {isa = PBXFileReference; fileEncoding = 4; lastKnownFileType = sourcecode.c.objc; path = SDWebImageDecoder.m; sourceTree = "<group>"; };
		DD4C7CAE1D4FEF3A00041C53 /* SDWebImageDownloader.h */ = {isa = PBXFileReference; fileEncoding = 4; lastKnownFileType = sourcecode.c.h; path = SDWebImageDownloader.h; sourceTree = "<group>"; };
		DD4C7CAF1D4FEF3A00041C53 /* SDWebImageDownloader.m */ = {isa = PBXFileReference; fileEncoding = 4; lastKnownFileType = sourcecode.c.objc; path = SDWebImageDownloader.m; sourceTree = "<group>"; };
		DD4C7CB01D4FEF3A00041C53 /* SDWebImageDownloaderOperation.h */ = {isa = PBXFileReference; fileEncoding = 4; lastKnownFileType = sourcecode.c.h; path = SDWebImageDownloaderOperation.h; sourceTree = "<group>"; };
		DD4C7CB11D4FEF3A00041C53 /* SDWebImageDownloaderOperation.m */ = {isa = PBXFileReference; fileEncoding = 4; lastKnownFileType = sourcecode.c.objc; path = SDWebImageDownloaderOperation.m; sourceTree = "<group>"; };
		DD4C7CB21D4FEF3A00041C53 /* SDWebImageManager.h */ = {isa = PBXFileReference; fileEncoding = 4; lastKnownFileType = sourcecode.c.h; path = SDWebImageManager.h; sourceTree = "<group>"; };
		DD4C7CB31D4FEF3A00041C53 /* SDWebImageManager.m */ = {isa = PBXFileReference; fileEncoding = 4; lastKnownFileType = sourcecode.c.objc; path = SDWebImageManager.m; sourceTree = "<group>"; };
		DD4C7CB41D4FEF3A00041C53 /* SDWebImageOperation.h */ = {isa = PBXFileReference; fileEncoding = 4; lastKnownFileType = sourcecode.c.h; path = SDWebImageOperation.h; sourceTree = "<group>"; };
		DD4C7CB51D4FEF3A00041C53 /* SDWebImagePrefetcher.h */ = {isa = PBXFileReference; fileEncoding = 4; lastKnownFileType = sourcecode.c.h; path = SDWebImagePrefetcher.h; sourceTree = "<group>"; };
		DD4C7CB61D4FEF3A00041C53 /* SDWebImagePrefetcher.m */ = {isa = PBXFileReference; fileEncoding = 4; lastKnownFileType = sourcecode.c.objc; path = SDWebImagePrefetcher.m; sourceTree = "<group>"; };
		DD4C7CB71D4FEF3A00041C53 /* UIButton+WebCache.h */ = {isa = PBXFileReference; fileEncoding = 4; lastKnownFileType = sourcecode.c.h; path = "UIButton+WebCache.h"; sourceTree = "<group>"; };
		DD4C7CB81D4FEF3A00041C53 /* UIButton+WebCache.m */ = {isa = PBXFileReference; fileEncoding = 4; lastKnownFileType = sourcecode.c.objc; path = "UIButton+WebCache.m"; sourceTree = "<group>"; };
		DD4C7CB91D4FEF3A00041C53 /* UIImage+GIF.h */ = {isa = PBXFileReference; fileEncoding = 4; lastKnownFileType = sourcecode.c.h; path = "UIImage+GIF.h"; sourceTree = "<group>"; };
		DD4C7CBA1D4FEF3A00041C53 /* UIImage+GIF.m */ = {isa = PBXFileReference; fileEncoding = 4; lastKnownFileType = sourcecode.c.objc; path = "UIImage+GIF.m"; sourceTree = "<group>"; };
		DD4C7CBB1D4FEF3A00041C53 /* UIImage+MultiFormat.h */ = {isa = PBXFileReference; fileEncoding = 4; lastKnownFileType = sourcecode.c.h; path = "UIImage+MultiFormat.h"; sourceTree = "<group>"; };
		DD4C7CBC1D4FEF3A00041C53 /* UIImage+MultiFormat.m */ = {isa = PBXFileReference; fileEncoding = 4; lastKnownFileType = sourcecode.c.objc; path = "UIImage+MultiFormat.m"; sourceTree = "<group>"; };
		DD4C7CBD1D4FEF3A00041C53 /* UIImage+WebP.h */ = {isa = PBXFileReference; fileEncoding = 4; lastKnownFileType = sourcecode.c.h; path = "UIImage+WebP.h"; sourceTree = "<group>"; };
		DD4C7CBE1D4FEF3A00041C53 /* UIImage+WebP.m */ = {isa = PBXFileReference; fileEncoding = 4; lastKnownFileType = sourcecode.c.objc; path = "UIImage+WebP.m"; sourceTree = "<group>"; };
		DD4C7CBF1D4FEF3A00041C53 /* UIImageView+HighlightedWebCache.h */ = {isa = PBXFileReference; fileEncoding = 4; lastKnownFileType = sourcecode.c.h; path = "UIImageView+HighlightedWebCache.h"; sourceTree = "<group>"; };
		DD4C7CC01D4FEF3A00041C53 /* UIImageView+HighlightedWebCache.m */ = {isa = PBXFileReference; fileEncoding = 4; lastKnownFileType = sourcecode.c.objc; path = "UIImageView+HighlightedWebCache.m"; sourceTree = "<group>"; };
		DD4C7CC11D4FEF3A00041C53 /* UIImageView+WebCache.h */ = {isa = PBXFileReference; fileEncoding = 4; lastKnownFileType = sourcecode.c.h; path = "UIImageView+WebCache.h"; sourceTree = "<group>"; };
		DD4C7CC21D4FEF3A00041C53 /* UIImageView+WebCache.m */ = {isa = PBXFileReference; fileEncoding = 4; lastKnownFileType = sourcecode.c.objc; path = "UIImageView+WebCache.m"; sourceTree = "<group>"; };
		DD4C7CC31D4FEF3A00041C53 /* UIView+WebCacheOperation.h */ = {isa = PBXFileReference; fileEncoding = 4; lastKnownFileType = sourcecode.c.h; path = "UIView+WebCacheOperation.h"; sourceTree = "<group>"; };
		DD4C7CC41D4FEF3A00041C53 /* UIView+WebCacheOperation.m */ = {isa = PBXFileReference; fileEncoding = 4; lastKnownFileType = sourcecode.c.objc; path = "UIView+WebCacheOperation.m"; sourceTree = "<group>"; };
		DD517CD81D55307D00A70481 /* CustomAnnotation.h */ = {isa = PBXFileReference; fileEncoding = 4; lastKnownFileType = sourcecode.c.h; path = CustomAnnotation.h; sourceTree = "<group>"; };
		DD517CD91D55307D00A70481 /* CustomAnnotation.m */ = {isa = PBXFileReference; fileEncoding = 4; lastKnownFileType = sourcecode.c.objc; path = CustomAnnotation.m; sourceTree = "<group>"; };
		DD5F5C581D40C39200EA4659 /* Screen Shot 2016-03-21 at 11.33.05 pm.png */ = {isa = PBXFileReference; lastKnownFileType = image.png; path = "Screen Shot 2016-03-21 at 11.33.05 pm.png"; sourceTree = "<group>"; };
		DD5F5C5A1D40C41D00EA4659 /* ChangePasswordVC.h */ = {isa = PBXFileReference; fileEncoding = 4; lastKnownFileType = sourcecode.c.h; path = ChangePasswordVC.h; sourceTree = "<group>"; };
		DD5F5C5B1D40C41D00EA4659 /* ChangePasswordVC.m */ = {isa = PBXFileReference; fileEncoding = 4; lastKnownFileType = sourcecode.c.objc; path = ChangePasswordVC.m; sourceTree = "<group>"; };
		DD5F5C5D1D40C71000EA4659 /* update-password.png */ = {isa = PBXFileReference; lastKnownFileType = image.png; path = "update-password.png"; sourceTree = "<group>"; };
		DD74B4CD1D55D94F0058A24A /* MAintenance_2ViewController.h */ = {isa = PBXFileReference; fileEncoding = 4; lastKnownFileType = sourcecode.c.h; path = MAintenance_2ViewController.h; sourceTree = "<group>"; };
		DD74B4CE1D55D94F0058A24A /* MAintenance_2ViewController.m */ = {isa = PBXFileReference; fileEncoding = 4; lastKnownFileType = sourcecode.c.objc; path = MAintenance_2ViewController.m; sourceTree = "<group>"; };
		DD74B4D01D5602BA0058A24A /* Maintenance3.h */ = {isa = PBXFileReference; fileEncoding = 4; lastKnownFileType = sourcecode.c.h; path = Maintenance3.h; sourceTree = "<group>"; };
		DD74B4D11D5602BA0058A24A /* Maintenance3.m */ = {isa = PBXFileReference; fileEncoding = 4; lastKnownFileType = sourcecode.c.objc; path = Maintenance3.m; sourceTree = "<group>"; };
		DD74B4D31D56050B0058A24A /* Maintenance_4.h */ = {isa = PBXFileReference; fileEncoding = 4; lastKnownFileType = sourcecode.c.h; path = Maintenance_4.h; sourceTree = "<group>"; };
		DD74B4D41D56050B0058A24A /* Maintenance_4.m */ = {isa = PBXFileReference; fileEncoding = 4; lastKnownFileType = sourcecode.c.objc; path = Maintenance_4.m; sourceTree = "<group>"; };
		DD74B4D61D5608860058A24A /* Maintenance_5.h */ = {isa = PBXFileReference; fileEncoding = 4; lastKnownFileType = sourcecode.c.h; path = Maintenance_5.h; sourceTree = "<group>"; };
		DD74B4D71D5608870058A24A /* Maintenance_5.m */ = {isa = PBXFileReference; fileEncoding = 4; lastKnownFileType = sourcecode.c.objc; path = Maintenance_5.m; sourceTree = "<group>"; };
		DD74B4D91D560AC90058A24A /* Maintenance_6.h */ = {isa = PBXFileReference; fileEncoding = 4; lastKnownFileType = sourcecode.c.h; path = Maintenance_6.h; sourceTree = "<group>"; };
		DD74B4DA1D560AC90058A24A /* Maintenance_6.m */ = {isa = PBXFileReference; fileEncoding = 4; lastKnownFileType = sourcecode.c.objc; path = Maintenance_6.m; sourceTree = "<group>"; };
		DD74B4DC1D560FED0058A24A /* Maintenance_7.h */ = {isa = PBXFileReference; fileEncoding = 4; lastKnownFileType = sourcecode.c.h; path = Maintenance_7.h; sourceTree = "<group>"; };
		DD74B4DD1D560FED0058A24A /* Maintenance_7.m */ = {isa = PBXFileReference; fileEncoding = 4; lastKnownFileType = sourcecode.c.objc; path = Maintenance_7.m; sourceTree = "<group>"; };
		DD74B4DF1D5611000058A24A /* Maintenance_8.h */ = {isa = PBXFileReference; fileEncoding = 4; lastKnownFileType = sourcecode.c.h; path = Maintenance_8.h; sourceTree = "<group>"; };
		DD74B4E01D5611000058A24A /* Maintenance_8.m */ = {isa = PBXFileReference; fileEncoding = 4; lastKnownFileType = sourcecode.c.objc; path = Maintenance_8.m; sourceTree = "<group>"; };
		DD74B4E21D5611910058A24A /* Maintenance_9.h */ = {isa = PBXFileReference; fileEncoding = 4; lastKnownFileType = sourcecode.c.h; path = Maintenance_9.h; sourceTree = "<group>"; };
		DD74B4E31D5611910058A24A /* Maintenance_9.m */ = {isa = PBXFileReference; fileEncoding = 4; lastKnownFileType = sourcecode.c.objc; path = Maintenance_9.m; sourceTree = "<group>"; };
		DD74B4E51D56132A0058A24A /* Maintenance_10.h */ = {isa = PBXFileReference; fileEncoding = 4; lastKnownFileType = sourcecode.c.h; path = Maintenance_10.h; sourceTree = "<group>"; };
		DD74B4E61D56132A0058A24A /* Maintenance_10.m */ = {isa = PBXFileReference; fileEncoding = 4; lastKnownFileType = sourcecode.c.objc; path = Maintenance_10.m; sourceTree = "<group>"; };
		DD74B4E81D56146E0058A24A /* Maintenance_11.h */ = {isa = PBXFileReference; fileEncoding = 4; lastKnownFileType = sourcecode.c.h; path = Maintenance_11.h; sourceTree = "<group>"; };
		DD74B4E91D56146E0058A24A /* Maintenance_11.m */ = {isa = PBXFileReference; fileEncoding = 4; lastKnownFileType = sourcecode.c.objc; path = Maintenance_11.m; sourceTree = "<group>"; };
		DD74B4EB1D56153B0058A24A /* Maintenance_12.h */ = {isa = PBXFileReference; fileEncoding = 4; lastKnownFileType = sourcecode.c.h; path = Maintenance_12.h; sourceTree = "<group>"; };
		DD74B4EC1D56153B0058A24A /* Maintenance_12.m */ = {isa = PBXFileReference; fileEncoding = 4; lastKnownFileType = sourcecode.c.objc; path = Maintenance_12.m; sourceTree = "<group>"; };
		DD74B4EE1D5616200058A24A /* Maintenance_13.h */ = {isa = PBXFileReference; fileEncoding = 4; lastKnownFileType = sourcecode.c.h; path = Maintenance_13.h; sourceTree = "<group>"; };
		DD74B4EF1D5616200058A24A /* Maintenance_13.m */ = {isa = PBXFileReference; fileEncoding = 4; lastKnownFileType = sourcecode.c.objc; path = Maintenance_13.m; sourceTree = "<group>"; };
		DD74B4F71D561C970058A24A /* Maintenance_14.h */ = {isa = PBXFileReference; fileEncoding = 4; lastKnownFileType = sourcecode.c.h; path = Maintenance_14.h; sourceTree = "<group>"; };
		DD74B4F81D561C970058A24A /* Maintenance_14.m */ = {isa = PBXFileReference; fileEncoding = 4; lastKnownFileType = sourcecode.c.objc; path = Maintenance_14.m; sourceTree = "<group>"; };
		DD74B4FA1D562DC90058A24A /* Maintenance_2.h */ = {isa = PBXFileReference; fileEncoding = 4; lastKnownFileType = sourcecode.c.h; path = Maintenance_2.h; sourceTree = "<group>"; };
		DD74B4FB1D562DC90058A24A /* Maintenance_2.m */ = {isa = PBXFileReference; fileEncoding = 4; lastKnownFileType = sourcecode.c.objc; path = Maintenance_2.m; sourceTree = "<group>"; };
		DD74B4FD1D5649500058A24A /* Maintenance_5s.h */ = {isa = PBXFileReference; fileEncoding = 4; lastKnownFileType = sourcecode.c.h; path = Maintenance_5s.h; sourceTree = "<group>"; };
		DD74B4FE1D5649500058A24A /* Maintenance_5s.m */ = {isa = PBXFileReference; fileEncoding = 4; lastKnownFileType = sourcecode.c.objc; path = Maintenance_5s.m; sourceTree = "<group>"; };
		DD74B5011D56A09C0058A24A /* SVIndefiniteAnimatedView.h */ = {isa = PBXFileReference; fileEncoding = 4; lastKnownFileType = sourcecode.c.h; path = SVIndefiniteAnimatedView.h; sourceTree = "<group>"; };
		DD74B5021D56A09C0058A24A /* SVIndefiniteAnimatedView.m */ = {isa = PBXFileReference; fileEncoding = 4; lastKnownFileType = sourcecode.c.objc; path = SVIndefiniteAnimatedView.m; sourceTree = "<group>"; };
		DD74B5031D56A09C0058A24A /* SVProgressAnimatedView.h */ = {isa = PBXFileReference; fileEncoding = 4; lastKnownFileType = sourcecode.c.h; path = SVProgressAnimatedView.h; sourceTree = "<group>"; };
		DD74B5041D56A09C0058A24A /* SVProgressAnimatedView.m */ = {isa = PBXFileReference; fileEncoding = 4; lastKnownFileType = sourcecode.c.objc; path = SVProgressAnimatedView.m; sourceTree = "<group>"; };
		DD74B5051D56A09C0058A24A /* SVProgressHUD-Prefix.pch */ = {isa = PBXFileReference; fileEncoding = 4; lastKnownFileType = sourcecode.c.h; path = "SVProgressHUD-Prefix.pch"; sourceTree = "<group>"; };
		DD74B5061D56A09C0058A24A /* SVProgressHUD.bundle */ = {isa = PBXFileReference; lastKnownFileType = "wrapper.plug-in"; path = SVProgressHUD.bundle; sourceTree = "<group>"; };
		DD74B5071D56A09C0058A24A /* SVProgressHUD.h */ = {isa = PBXFileReference; fileEncoding = 4; lastKnownFileType = sourcecode.c.h; path = SVProgressHUD.h; sourceTree = "<group>"; };
		DD74B5081D56A09C0058A24A /* SVProgressHUD.m */ = {isa = PBXFileReference; fileEncoding = 4; lastKnownFileType = sourcecode.c.objc; path = SVProgressHUD.m; sourceTree = "<group>"; };
		DD74B5091D56A09C0058A24A /* SVRadialGradientLayer.h */ = {isa = PBXFileReference; fileEncoding = 4; lastKnownFileType = sourcecode.c.h; path = SVRadialGradientLayer.h; sourceTree = "<group>"; };
		DD74B50A1D56A09C0058A24A /* SVRadialGradientLayer.m */ = {isa = PBXFileReference; fileEncoding = 4; lastKnownFileType = sourcecode.c.objc; path = SVRadialGradientLayer.m; sourceTree = "<group>"; };
		DD9B8C941D59BBB100E53E77 /* Maintenance_10s.h */ = {isa = PBXFileReference; fileEncoding = 4; lastKnownFileType = sourcecode.c.h; name = Maintenance_10s.h; path = ../Maintenance_10s.h; sourceTree = "<group>"; };
		DD9B8C951D59BBB100E53E77 /* Maintenance_10s.m */ = {isa = PBXFileReference; fileEncoding = 4; lastKnownFileType = sourcecode.c.objc; name = Maintenance_10s.m; path = ../Maintenance_10s.m; sourceTree = "<group>"; };
		DD9B8C971D59BE0A00E53E77 /* Maintenance_11s.h */ = {isa = PBXFileReference; fileEncoding = 4; lastKnownFileType = sourcecode.c.h; path = Maintenance_11s.h; sourceTree = "<group>"; };
		DD9B8C981D59BE0A00E53E77 /* Maintenance_11s.m */ = {isa = PBXFileReference; fileEncoding = 4; lastKnownFileType = sourcecode.c.objc; path = Maintenance_11s.m; sourceTree = "<group>"; };
		DDAB65931D2EE6F9009DBC31 /* RootViewController.h */ = {isa = PBXFileReference; fileEncoding = 4; lastKnownFileType = sourcecode.c.h; path = RootViewController.h; sourceTree = "<group>"; };
		DDAB65941D2EE6F9009DBC31 /* RootViewController.m */ = {isa = PBXFileReference; fileEncoding = 4; lastKnownFileType = sourcecode.c.objc; path = RootViewController.m; sourceTree = "<group>"; };
		DDAF05BD1D592BAA00FDFDC6 /* Maintenance_6s.h */ = {isa = PBXFileReference; fileEncoding = 4; lastKnownFileType = sourcecode.c.h; path = Maintenance_6s.h; sourceTree = "<group>"; };
		DDAF05BE1D592BAA00FDFDC6 /* Maintenance_6s.m */ = {isa = PBXFileReference; fileEncoding = 4; lastKnownFileType = sourcecode.c.objc; path = Maintenance_6s.m; sourceTree = "<group>"; };
		DDAF05C01D592E8600FDFDC6 /* Maintenance_9s.h */ = {isa = PBXFileReference; fileEncoding = 4; lastKnownFileType = sourcecode.c.h; path = Maintenance_9s.h; sourceTree = "<group>"; };
		DDAF05C11D592E8600FDFDC6 /* Maintenance_9s.m */ = {isa = PBXFileReference; fileEncoding = 4; lastKnownFileType = sourcecode.c.objc; path = Maintenance_9s.m; sourceTree = "<group>"; };
		DDB9057C1D53E7E600D43F98 /* Maintenance_1.h */ = {isa = PBXFileReference; fileEncoding = 4; lastKnownFileType = sourcecode.c.h; path = Maintenance_1.h; sourceTree = "<group>"; };
		DDB9057D1D53E7E600D43F98 /* Maintenance_1.m */ = {isa = PBXFileReference; fileEncoding = 4; lastKnownFileType = sourcecode.c.objc; path = Maintenance_1.m; sourceTree = "<group>"; };
		DDBF49A71D1F0DC20030F8BA /* FBSDKCoreKit.framework */ = {isa = PBXFileReference; lastKnownFileType = wrapper.framework; path = FBSDKCoreKit.framework; sourceTree = "<group>"; };
		DDBF49A81D1F0DC20030F8BA /* FBSDKLoginKit.framework */ = {isa = PBXFileReference; lastKnownFileType = wrapper.framework; path = FBSDKLoginKit.framework; sourceTree = "<group>"; };
		DDBF49A91D1F0DC20030F8BA /* FBSDKShareKit.framework */ = {isa = PBXFileReference; lastKnownFileType = wrapper.framework; path = FBSDKShareKit.framework; sourceTree = "<group>"; };
		DDBF49AE1D1F1EF20030F8BA /* UIView+Toast.h */ = {isa = PBXFileReference; fileEncoding = 4; lastKnownFileType = sourcecode.c.h; path = "UIView+Toast.h"; sourceTree = "<group>"; };
		DDBF49AF1D1F1EF20030F8BA /* UIView+Toast.m */ = {isa = PBXFileReference; fileEncoding = 4; lastKnownFileType = sourcecode.c.objc; path = "UIView+Toast.m"; sourceTree = "<group>"; };
		DDC5D9661D4C869B00861611 /* TableViewCell.h */ = {isa = PBXFileReference; fileEncoding = 4; lastKnownFileType = sourcecode.c.h; path = TableViewCell.h; sourceTree = "<group>"; };
		DDC5D9671D4C869B00861611 /* TableViewCell.m */ = {isa = PBXFileReference; fileEncoding = 4; lastKnownFileType = sourcecode.c.objc; path = TableViewCell.m; sourceTree = "<group>"; };
		DDC5D9AF1D4D434600861611 /* AddDoorVC.h */ = {isa = PBXFileReference; fileEncoding = 4; lastKnownFileType = sourcecode.c.h; path = AddDoorVC.h; sourceTree = "<group>"; };
		DDC5D9B01D4D434600861611 /* AddDoorVC.m */ = {isa = PBXFileReference; fileEncoding = 4; lastKnownFileType = sourcecode.c.objc; path = AddDoorVC.m; sourceTree = "<group>"; };
		DDCE66981D732A3F00838C3C /* SystemConfiguration.framework */ = {isa = PBXFileReference; lastKnownFileType = wrapper.framework; name = SystemConfiguration.framework; path = System/Library/Frameworks/SystemConfiguration.framework; sourceTree = SDKROOT; };
		DDCE66E01D4A9F940068ACBA /* ViewDoorVC.h */ = {isa = PBXFileReference; fileEncoding = 4; lastKnownFileType = sourcecode.c.h; path = ViewDoorVC.h; sourceTree = "<group>"; };
		DDCE66E11D4A9F940068ACBA /* ViewDoorVC.m */ = {isa = PBXFileReference; fileEncoding = 4; lastKnownFileType = sourcecode.c.objc; path = ViewDoorVC.m; sourceTree = "<group>"; };
		DDD7CD2C1D718D4400D6B1CE /* ViewMaintenancePhoto.h */ = {isa = PBXFileReference; fileEncoding = 4; lastKnownFileType = sourcecode.c.h; path = ViewMaintenancePhoto.h; sourceTree = "<group>"; };
		DDD7CD2D1D718D4400D6B1CE /* ViewMaintenancePhoto.m */ = {isa = PBXFileReference; fileEncoding = 4; lastKnownFileType = sourcecode.c.objc; path = ViewMaintenancePhoto.m; sourceTree = "<group>"; };
		DDDA45A61D36C290003115E2 /* ProfileVC.h */ = {isa = PBXFileReference; fileEncoding = 4; lastKnownFileType = sourcecode.c.h; path = ProfileVC.h; sourceTree = "<group>"; };
		DDDA45A71D36C290003115E2 /* ProfileVC.m */ = {isa = PBXFileReference; fileEncoding = 4; lastKnownFileType = sourcecode.c.objc; path = ProfileVC.m; sourceTree = "<group>"; };
		DDDA45A91D36D598003115E2 /* MapClass.h */ = {isa = PBXFileReference; fileEncoding = 4; lastKnownFileType = sourcecode.c.h; name = MapClass.h; path = ../MapClass.h; sourceTree = "<group>"; };
		DDDA45AA1D36D598003115E2 /* MapClass.m */ = {isa = PBXFileReference; fileEncoding = 4; lastKnownFileType = sourcecode.c.objc; name = MapClass.m; path = ../MapClass.m; sourceTree = "<group>"; };
		DDDA45AC1D36DC4E003115E2 /* SelectDoorVC.h */ = {isa = PBXFileReference; fileEncoding = 4; lastKnownFileType = sourcecode.c.h; path = SelectDoorVC.h; sourceTree = "<group>"; };
		DDDA45AD1D36DC4E003115E2 /* SelectDoorVC.m */ = {isa = PBXFileReference; fileEncoding = 4; lastKnownFileType = sourcecode.c.objc; path = SelectDoorVC.m; sourceTree = "<group>"; };
		DDE9CC1B1D526B60006A7417 /* NotificationVC.h */ = {isa = PBXFileReference; fileEncoding = 4; lastKnownFileType = sourcecode.c.h; path = NotificationVC.h; sourceTree = "<group>"; };
		DDE9CC1C1D526B60006A7417 /* NotificationVC.m */ = {isa = PBXFileReference; fileEncoding = 4; lastKnownFileType = sourcecode.c.objc; path = NotificationVC.m; sourceTree = "<group>"; };
		DDF10DE71D303B1B00BAC91E /* DashBoardVC.h */ = {isa = PBXFileReference; fileEncoding = 4; lastKnownFileType = sourcecode.c.h; path = DashBoardVC.h; sourceTree = "<group>"; };
		DDF10DE81D303B1B00BAC91E /* DashBoardVC.m */ = {isa = PBXFileReference; fileEncoding = 4; lastKnownFileType = sourcecode.c.objc; path = DashBoardVC.m; sourceTree = "<group>"; };
		DDF10DEA1D303BD200BAC91E /* dashboard-background.png */ = {isa = PBXFileReference; lastKnownFileType = image.png; path = "dashboard-background.png"; sourceTree = "<group>"; };
		DDF10DF01D303DAA00BAC91E /* arrow-down.png */ = {isa = PBXFileReference; lastKnownFileType = image.png; path = "arrow-down.png"; sourceTree = "<group>"; };
		DDF10DF21D30592F00BAC91E /* MaintenanceVC.h */ = {isa = PBXFileReference; fileEncoding = 4; lastKnownFileType = sourcecode.c.h; path = MaintenanceVC.h; sourceTree = "<group>"; };
		DDF10DF31D30592F00BAC91E /* MaintenanceVC.m */ = {isa = PBXFileReference; fileEncoding = 4; lastKnownFileType = sourcecode.c.objc; path = MaintenanceVC.m; sourceTree = "<group>"; };
		DDF10DF51D305F9800BAC91E /* CoreLocation.framework */ = {isa = PBXFileReference; lastKnownFileType = wrapper.framework; name = CoreLocation.framework; path = System/Library/Frameworks/CoreLocation.framework; sourceTree = SDKROOT; };
		DDF10DF71D305FA100BAC91E /* MapKit.framework */ = {isa = PBXFileReference; lastKnownFileType = wrapper.framework; name = MapKit.framework; path = System/Library/Frameworks/MapKit.framework; sourceTree = SDKROOT; };
		DDF5AD641D6E1A0F00CD471F /* ViewMaintenance.h */ = {isa = PBXFileReference; fileEncoding = 4; lastKnownFileType = sourcecode.c.h; path = ViewMaintenance.h; sourceTree = "<group>"; };
		DDF5AD651D6E1A0F00CD471F /* ViewMaintenance.m */ = {isa = PBXFileReference; fileEncoding = 4; lastKnownFileType = sourcecode.c.objc; path = ViewMaintenance.m; sourceTree = "<group>"; };
/* End PBXFileReference section */

/* Begin PBXFrameworksBuildPhase section */
		DD0B185C1D1E4FB000F6605C /* Frameworks */ = {
			isa = PBXFrameworksBuildPhase;
			buildActionMask = 2147483647;
			files = (
				DDCE66991D732A3F00838C3C /* SystemConfiguration.framework in Frameworks */,
				DDF10DF81D305FA100BAC91E /* MapKit.framework in Frameworks */,
				DDF10DF61D305F9800BAC91E /* CoreLocation.framework in Frameworks */,
			);
			runOnlyForDeploymentPostprocessing = 0;
		};
		DD0B18751D1E4FB000F6605C /* Frameworks */ = {
			isa = PBXFrameworksBuildPhase;
			buildActionMask = 2147483647;
			files = (
			);
			runOnlyForDeploymentPostprocessing = 0;
		};
		DD0B18801D1E4FB000F6605C /* Frameworks */ = {
			isa = PBXFrameworksBuildPhase;
			buildActionMask = 2147483647;
			files = (
			);
			runOnlyForDeploymentPostprocessing = 0;
		};
/* End PBXFrameworksBuildPhase section */

/* Begin PBXGroup section */
		DD0B18561D1E4FB000F6605C = {
			isa = PBXGroup;
			children = (
				DD74B5001D56A09C0058A24A /* SVProgressHUD */,
				DD4C7CA31D4FEF3A00041C53 /* SDWebImage */,
				DDBF49AD1D1F1EF20030F8BA /* Toast */,
				DD0B18611D1E4FB000F6605C /* TenStar */,
				DDBF49A61D1F0DC20030F8BA /* Frameworks */,
				DD0B187B1D1E4FB000F6605C /* TenStarTests */,
				DD0B18861D1E4FB000F6605C /* TenStarUITests */,
				DD0B18601D1E4FB000F6605C /* Products */,
			);
			sourceTree = "<group>";
		};
		DD0B18601D1E4FB000F6605C /* Products */ = {
			isa = PBXGroup;
			children = (
				DD0B185F1D1E4FB000F6605C /* Star Guide.app */,
				DD0B18781D1E4FB000F6605C /* TenStarTests.xctest */,
				DD0B18831D1E4FB000F6605C /* TenStarUITests.xctest */,
			);
			name = Products;
			sourceTree = "<group>";
		};
		DD0B18611D1E4FB000F6605C /* TenStar */ = {
			isa = PBXGroup;
			children = (
				DDD531B61D44A663006CCB03 /* AppDelegate */,
				DD0B18951D1E505100F6605C /* Image */,
				DDAB65971D2EE7C4009DBC31 /* ViewControllers */,
				DDAB65961D2EE79D009DBC31 /* ModelClasses */,
				DD0B186B1D1E4FB000F6605C /* Main.storyboard */,
				DD0B186E1D1E4FB000F6605C /* Assets.xcassets */,
				DD0B18701D1E4FB000F6605C /* LaunchScreen.storyboard */,
				DD0B18731D1E4FB000F6605C /* Info.plist */,
				DD0B18621D1E4FB000F6605C /* Supporting Files */,
			);
			path = TenStar;
			sourceTree = "<group>";
		};
		DD0B18621D1E4FB000F6605C /* Supporting Files */ = {
			isa = PBXGroup;
			children = (
				DD0B18981D1E8E3000F6605C /* TenStar-Prefix.pch */,
				DD0B18631D1E4FB000F6605C /* main.m */,
			);
			name = "Supporting Files";
			sourceTree = "<group>";
		};
		DD0B187B1D1E4FB000F6605C /* TenStarTests */ = {
			isa = PBXGroup;
			children = (
				DD0B187C1D1E4FB000F6605C /* TenStarTests.m */,
				DD0B187E1D1E4FB000F6605C /* Info.plist */,
			);
			path = TenStarTests;
			sourceTree = "<group>";
		};
		DD0B18861D1E4FB000F6605C /* TenStarUITests */ = {
			isa = PBXGroup;
			children = (
				DD0B18871D1E4FB000F6605C /* TenStarUITests.m */,
				DD0B18891D1E4FB000F6605C /* Info.plist */,
			);
			path = TenStarUITests;
			sourceTree = "<group>";
		};
		DD0B18951D1E505100F6605C /* Image */ = {
			isa = PBXGroup;
			children = (
				DDF10DEA1D303BD200BAC91E /* dashboard-background.png */,
				DDF10DF01D303DAA00BAC91E /* arrow-down.png */,
				DD0B18961D1E523200F6605C /* login-head.png */,
			);
			name = Image;
			sourceTree = "<group>";
		};
		DD28DA891D493DB400A07829 /* TableItem */ = {
			isa = PBXGroup;
			children = (
				DDE9CC1A1D526B3D006A7417 /* Notification */,
				DDC5D9AE1D4D420F00861611 /* DoorList */,
			);
			name = TableItem;
			sourceTree = "<group>";
		};
		DD47A74D1D505B5F0072E073 /* UpdateDoor */ = {
			isa = PBXGroup;
			children = (
				DD47A74A1D505B3C0072E073 /* UpdateDoorVC.h */,
				DD47A74B1D505B3C0072E073 /* UpdateDoorVC.m */,
			);
			name = UpdateDoor;
			sourceTree = "<group>";
		};
		DD4C7CA31D4FEF3A00041C53 /* SDWebImage */ = {
			isa = PBXGroup;
			children = (
				DD4C7CA41D4FEF3A00041C53 /* MKAnnotationView+WebCache.h */,
				DD4C7CA51D4FEF3A00041C53 /* MKAnnotationView+WebCache.m */,
				DD4C7CA61D4FEF3A00041C53 /* NSData+ImageContentType.h */,
				DD4C7CA71D4FEF3A00041C53 /* NSData+ImageContentType.m */,
				DD4C7CA81D4FEF3A00041C53 /* SDImageCache.h */,
				DD4C7CA91D4FEF3A00041C53 /* SDImageCache.m */,
				DD4C7CAA1D4FEF3A00041C53 /* SDWebImageCompat.h */,
				DD4C7CAB1D4FEF3A00041C53 /* SDWebImageCompat.m */,
				DD4C7CAC1D4FEF3A00041C53 /* SDWebImageDecoder.h */,
				DD4C7CAD1D4FEF3A00041C53 /* SDWebImageDecoder.m */,
				DD4C7CAE1D4FEF3A00041C53 /* SDWebImageDownloader.h */,
				DD4C7CAF1D4FEF3A00041C53 /* SDWebImageDownloader.m */,
				DD4C7CB01D4FEF3A00041C53 /* SDWebImageDownloaderOperation.h */,
				DD4C7CB11D4FEF3A00041C53 /* SDWebImageDownloaderOperation.m */,
				DD4C7CB21D4FEF3A00041C53 /* SDWebImageManager.h */,
				DD4C7CB31D4FEF3A00041C53 /* SDWebImageManager.m */,
				DD4C7CB41D4FEF3A00041C53 /* SDWebImageOperation.h */,
				DD4C7CB51D4FEF3A00041C53 /* SDWebImagePrefetcher.h */,
				DD4C7CB61D4FEF3A00041C53 /* SDWebImagePrefetcher.m */,
				DD4C7CB71D4FEF3A00041C53 /* UIButton+WebCache.h */,
				DD4C7CB81D4FEF3A00041C53 /* UIButton+WebCache.m */,
				DD4C7CB91D4FEF3A00041C53 /* UIImage+GIF.h */,
				DD4C7CBA1D4FEF3A00041C53 /* UIImage+GIF.m */,
				DD4C7CBB1D4FEF3A00041C53 /* UIImage+MultiFormat.h */,
				DD4C7CBC1D4FEF3A00041C53 /* UIImage+MultiFormat.m */,
				DD4C7CBD1D4FEF3A00041C53 /* UIImage+WebP.h */,
				DD4C7CBE1D4FEF3A00041C53 /* UIImage+WebP.m */,
				DD4C7CBF1D4FEF3A00041C53 /* UIImageView+HighlightedWebCache.h */,
				DD4C7CC01D4FEF3A00041C53 /* UIImageView+HighlightedWebCache.m */,
				DD4C7CC11D4FEF3A00041C53 /* UIImageView+WebCache.h */,
				DD4C7CC21D4FEF3A00041C53 /* UIImageView+WebCache.m */,
				DD4C7CC31D4FEF3A00041C53 /* UIView+WebCacheOperation.h */,
				DD4C7CC41D4FEF3A00041C53 /* UIView+WebCacheOperation.m */,
			);
			path = SDWebImage;
			sourceTree = "<group>";
		};
		DD74B5001D56A09C0058A24A /* SVProgressHUD */ = {
			isa = PBXGroup;
			children = (
				DD74B5011D56A09C0058A24A /* SVIndefiniteAnimatedView.h */,
				DD74B5021D56A09C0058A24A /* SVIndefiniteAnimatedView.m */,
				DD74B5031D56A09C0058A24A /* SVProgressAnimatedView.h */,
				DD74B5041D56A09C0058A24A /* SVProgressAnimatedView.m */,
				DD74B5051D56A09C0058A24A /* SVProgressHUD-Prefix.pch */,
				DD74B5061D56A09C0058A24A /* SVProgressHUD.bundle */,
				DD74B5071D56A09C0058A24A /* SVProgressHUD.h */,
				DD74B5081D56A09C0058A24A /* SVProgressHUD.m */,
				DD74B5091D56A09C0058A24A /* SVRadialGradientLayer.h */,
				DD74B50A1D56A09C0058A24A /* SVRadialGradientLayer.m */,
			);
			path = SVProgressHUD;
			sourceTree = "<group>";
		};
		DDAB65961D2EE79D009DBC31 /* ModelClasses */ = {
			isa = PBXGroup;
			children = (
				DDDA45A91D36D598003115E2 /* MapClass.h */,
				DDDA45AA1D36D598003115E2 /* MapClass.m */,
				DD1224011D2918D100A729F8 /* APIHelperClass.h */,
				DD1224021D2918D100A729F8 /* APIHelperClass.m */,
			);
			name = ModelClasses;
			sourceTree = "<group>";
		};
		DDAB65971D2EE7C4009DBC31 /* ViewControllers */ = {
			isa = PBXGroup;
			children = (
				DDD531AF1D44A5C5006CCB03 /* ContainerVC */,
				DDD531A91D44A49F006CCB03 /* SideMenuContentVC */,
				DDD531AA1D44A4F7006CCB03 /* LoginSignup */,
				DDC5D9A91D4CFBA200861611 /* CustomTableView */,
				DD5F5C5D1D40C71000EA4659 /* update-password.png */,
				DD5F5C581D40C39200EA4659 /* Screen Shot 2016-03-21 at 11.33.05 pm.png */,
			);
			name = ViewControllers;
			sourceTree = "<group>";
		};
		DDB9057B1D53E70900D43F98 /* MaintananceSection */ = {
			isa = PBXGroup;
			children = (
				DDB9057C1D53E7E600D43F98 /* Maintenance_1.h */,
				DDB9057D1D53E7E600D43F98 /* Maintenance_1.m */,
				DD74B4CD1D55D94F0058A24A /* MAintenance_2ViewController.h */,
				DD74B4CE1D55D94F0058A24A /* MAintenance_2ViewController.m */,
				DD74B4FA1D562DC90058A24A /* Maintenance_2.h */,
				DD74B4FB1D562DC90058A24A /* Maintenance_2.m */,
				DD74B4D01D5602BA0058A24A /* Maintenance3.h */,
				DD74B4D11D5602BA0058A24A /* Maintenance3.m */,
				DD74B4D31D56050B0058A24A /* Maintenance_4.h */,
				DD74B4D41D56050B0058A24A /* Maintenance_4.m */,
				DD74B4D61D5608860058A24A /* Maintenance_5.h */,
				DD74B4D71D5608870058A24A /* Maintenance_5.m */,
				DD74B4FD1D5649500058A24A /* Maintenance_5s.h */,
				DD74B4FE1D5649500058A24A /* Maintenance_5s.m */,
				DD74B4D91D560AC90058A24A /* Maintenance_6.h */,
				DD74B4DA1D560AC90058A24A /* Maintenance_6.m */,
				DDAF05BD1D592BAA00FDFDC6 /* Maintenance_6s.h */,
				DDAF05BE1D592BAA00FDFDC6 /* Maintenance_6s.m */,
				DD74B4DC1D560FED0058A24A /* Maintenance_7.h */,
				DD74B4DD1D560FED0058A24A /* Maintenance_7.m */,
				DD74B4DF1D5611000058A24A /* Maintenance_8.h */,
				DD74B4E01D5611000058A24A /* Maintenance_8.m */,
				DD74B4E21D5611910058A24A /* Maintenance_9.h */,
				DD74B4E31D5611910058A24A /* Maintenance_9.m */,
				DDAF05C01D592E8600FDFDC6 /* Maintenance_9s.h */,
				DDAF05C11D592E8600FDFDC6 /* Maintenance_9s.m */,
				DD74B4E51D56132A0058A24A /* Maintenance_10.h */,
				DD74B4E61D56132A0058A24A /* Maintenance_10.m */,
				DD9B8C941D59BBB100E53E77 /* Maintenance_10s.h */,
				DD9B8C951D59BBB100E53E77 /* Maintenance_10s.m */,
				DD74B4E81D56146E0058A24A /* Maintenance_11.h */,
				DD74B4E91D56146E0058A24A /* Maintenance_11.m */,
				DD9B8C971D59BE0A00E53E77 /* Maintenance_11s.h */,
				DD9B8C981D59BE0A00E53E77 /* Maintenance_11s.m */,
				DD74B4EB1D56153B0058A24A /* Maintenance_12.h */,
				DD74B4EC1D56153B0058A24A /* Maintenance_12.m */,
				DD74B4EE1D5616200058A24A /* Maintenance_13.h */,
				DD74B4EF1D5616200058A24A /* Maintenance_13.m */,
				DD74B4F71D561C970058A24A /* Maintenance_14.h */,
				DD74B4F81D561C970058A24A /* Maintenance_14.m */,
				DD303ABA1DBFEC7D00465610 /* Maintenance_15.h */,
				DD303ABB1DBFEC7D00465610 /* Maintenance_15.m */,
				DD303ABD1DBFEFF200465610 /* Maintenance_16.h */,
				DD303ABE1DBFEFF200465610 /* Maintenance_16.m */,
			);
			name = MaintananceSection;
			sourceTree = "<group>";
		};
		DDBF49A61D1F0DC20030F8BA /* Frameworks */ = {
			isa = PBXGroup;
			children = (
				DDCE66981D732A3F00838C3C /* SystemConfiguration.framework */,
				DDF10DF71D305FA100BAC91E /* MapKit.framework */,
				DDF10DF51D305F9800BAC91E /* CoreLocation.framework */,
				DDBF49A71D1F0DC20030F8BA /* FBSDKCoreKit.framework */,
				DDBF49A81D1F0DC20030F8BA /* FBSDKLoginKit.framework */,
				DDBF49A91D1F0DC20030F8BA /* FBSDKShareKit.framework */,
			);
			path = Frameworks;
			sourceTree = "<group>";
		};
		DDBF49AD1D1F1EF20030F8BA /* Toast */ = {
			isa = PBXGroup;
			children = (
				DDBF49AE1D1F1EF20030F8BA /* UIView+Toast.h */,
				DDBF49AF1D1F1EF20030F8BA /* UIView+Toast.m */,
			);
			path = Toast;
			sourceTree = "<group>";
		};
		DDC5D9A91D4CFBA200861611 /* CustomTableView */ = {
			isa = PBXGroup;
			children = (
				DDC5D9661D4C869B00861611 /* TableViewCell.h */,
				DDC5D9671D4C869B00861611 /* TableViewCell.m */,
			);
			name = CustomTableView;
			sourceTree = "<group>";
		};
		DDC5D9AA1D4CFC6A00861611 /* AddDoor */ = {
			isa = PBXGroup;
			children = (
				DDC5D9AF1D4D434600861611 /* AddDoorVC.h */,
				DDC5D9B01D4D434600861611 /* AddDoorVC.m */,
				DD15C0BF1DC5C5090005D713 /* NSObject+ChooseRegionManager.h */,
				DD15C0C01DC5C5090005D713 /* NSObject+ChooseRegionManager.m */,
			);
			name = AddDoor;
			sourceTree = "<group>";
		};
		DDC5D9AE1D4D420F00861611 /* DoorList */ = {
			isa = PBXGroup;
			children = (
				DD28DA851D493D7700A07829 /* DoorListVC.h */,
				DD28DA861D493D7700A07829 /* DoorListVC.m */,
				DD47A74D1D505B5F0072E073 /* UpdateDoor */,
				DDCE66E31D4AA02E0068ACBA /* ViewDoor */,
			);
			name = DoorList;
			sourceTree = "<group>";
		};
		DDCE66E31D4AA02E0068ACBA /* ViewDoor */ = {
			isa = PBXGroup;
			children = (
				DDCE66E01D4A9F940068ACBA /* ViewDoorVC.h */,
				DDCE66E11D4A9F940068ACBA /* ViewDoorVC.m */,
				DDD7CD211D71885600D6B1CE /* ViewMaintenancePhotoGrp */,
				DDF5AD631D6E19DC00CD471F /* ViewMaintenance */,
			);
			name = ViewDoor;
			sourceTree = "<group>";
		};
		DDD531A91D44A49F006CCB03 /* SideMenuContentVC */ = {
			isa = PBXGroup;
			children = (
				DDD531AB1D44A531006CCB03 /* Profile */,
				DDD531B01D44A5E0006CCB03 /* DashBoardVC */,
				DDD531AE1D44A5A5006CCB03 /* ChangePassword */,
			);
			name = SideMenuContentVC;
			sourceTree = "<group>";
		};
		DDD531AA1D44A4F7006CCB03 /* LoginSignup */ = {
			isa = PBXGroup;
			children = (
				DD0B18681D1E4FB000F6605C /* ViewController.h */,
				DDC5D9AA1D4CFC6A00861611 /* AddDoor */,
				DD0B18691D1E4FB000F6605C /* ViewController.m */,
			);
			name = LoginSignup;
			sourceTree = "<group>";
		};
		DDD531AB1D44A531006CCB03 /* Profile */ = {
			isa = PBXGroup;
			children = (
				DDDA45A71D36C290003115E2 /* ProfileVC.m */,
				DDDA45A61D36C290003115E2 /* ProfileVC.h */,
			);
			name = Profile;
			sourceTree = "<group>";
		};
		DDD531AE1D44A5A5006CCB03 /* ChangePassword */ = {
			isa = PBXGroup;
			children = (
				DD5F5C5A1D40C41D00EA4659 /* ChangePasswordVC.h */,
				DD5F5C5B1D40C41D00EA4659 /* ChangePasswordVC.m */,
			);
			name = ChangePassword;
			sourceTree = "<group>";
		};
		DDD531AF1D44A5C5006CCB03 /* ContainerVC */ = {
			isa = PBXGroup;
			children = (
				DDAB65931D2EE6F9009DBC31 /* RootViewController.h */,
				DDAB65941D2EE6F9009DBC31 /* RootViewController.m */,
			);
			name = ContainerVC;
			sourceTree = "<group>";
		};
		DDD531B01D44A5E0006CCB03 /* DashBoardVC */ = {
			isa = PBXGroup;
			children = (
				DDF10DE71D303B1B00BAC91E /* DashBoardVC.h */,
				DDF10DE81D303B1B00BAC91E /* DashBoardVC.m */,
				DDB9057B1D53E70900D43F98 /* MaintananceSection */,
				DDD531B41D44A62F006CCB03 /* SelectDoorVC */,
				DDD531B31D44A614006CCB03 /* MaintenanceVC */,
				DD28DA891D493DB400A07829 /* TableItem */,
			);
			name = DashBoardVC;
			sourceTree = "<group>";
		};
		DDD531B31D44A614006CCB03 /* MaintenanceVC */ = {
			isa = PBXGroup;
			children = (
				DDF10DF21D30592F00BAC91E /* MaintenanceVC.h */,
				DDF10DF31D30592F00BAC91E /* MaintenanceVC.m */,
			);
			name = MaintenanceVC;
			sourceTree = "<group>";
		};
		DDD531B41D44A62F006CCB03 /* SelectDoorVC */ = {
			isa = PBXGroup;
			children = (
				DDDA45AC1D36DC4E003115E2 /* SelectDoorVC.h */,
				DDDA45AD1D36DC4E003115E2 /* SelectDoorVC.m */,
				DD517CD81D55307D00A70481 /* CustomAnnotation.h */,
				DD517CD91D55307D00A70481 /* CustomAnnotation.m */,
			);
			name = SelectDoorVC;
			sourceTree = "<group>";
		};
		DDD531B61D44A663006CCB03 /* AppDelegate */ = {
			isa = PBXGroup;
			children = (
				DD0B18661D1E4FB000F6605C /* AppDelegate.m */,
				DD0B18651D1E4FB000F6605C /* AppDelegate.h */,
			);
			name = AppDelegate;
			sourceTree = "<group>";
		};
		DDD7CD211D71885600D6B1CE /* ViewMaintenancePhotoGrp */ = {
			isa = PBXGroup;
			children = (
				DDD7CD2C1D718D4400D6B1CE /* ViewMaintenancePhoto.h */,
				DDD7CD2D1D718D4400D6B1CE /* ViewMaintenancePhoto.m */,
			);
			name = ViewMaintenancePhotoGrp;
			sourceTree = "<group>";
		};
		DDE9CC1A1D526B3D006A7417 /* Notification */ = {
			isa = PBXGroup;
			children = (
				DDE9CC1B1D526B60006A7417 /* NotificationVC.h */,
				DDE9CC1C1D526B60006A7417 /* NotificationVC.m */,
			);
			name = Notification;
			sourceTree = "<group>";
		};
		DDF5AD631D6E19DC00CD471F /* ViewMaintenance */ = {
			isa = PBXGroup;
			children = (
				DDF5AD641D6E1A0F00CD471F /* ViewMaintenance.h */,
				DDF5AD651D6E1A0F00CD471F /* ViewMaintenance.m */,
			);
			name = ViewMaintenance;
			sourceTree = "<group>";
		};
/* End PBXGroup section */

/* Begin PBXNativeTarget section */
		DD0B185E1D1E4FB000F6605C /* TenStar */ = {
			isa = PBXNativeTarget;
			buildConfigurationList = DD0B188C1D1E4FB000F6605C /* Build configuration list for PBXNativeTarget "TenStar" */;
			buildPhases = (
				DD0B185B1D1E4FB000F6605C /* Sources */,
				DD0B185C1D1E4FB000F6605C /* Frameworks */,
				DD0B185D1D1E4FB000F6605C /* Resources */,
			);
			buildRules = (
			);
			dependencies = (
			);
			name = TenStar;
			productName = TenStar;
			productReference = DD0B185F1D1E4FB000F6605C /* Star Guide.app */;
			productType = "com.apple.product-type.application";
		};
		DD0B18771D1E4FB000F6605C /* TenStarTests */ = {
			isa = PBXNativeTarget;
			buildConfigurationList = DD0B188F1D1E4FB000F6605C /* Build configuration list for PBXNativeTarget "TenStarTests" */;
			buildPhases = (
				DD0B18741D1E4FB000F6605C /* Sources */,
				DD0B18751D1E4FB000F6605C /* Frameworks */,
				DD0B18761D1E4FB000F6605C /* Resources */,
			);
			buildRules = (
			);
			dependencies = (
				DD0B187A1D1E4FB000F6605C /* PBXTargetDependency */,
			);
			name = TenStarTests;
			productName = TenStarTests;
			productReference = DD0B18781D1E4FB000F6605C /* TenStarTests.xctest */;
			productType = "com.apple.product-type.bundle.unit-test";
		};
		DD0B18821D1E4FB000F6605C /* TenStarUITests */ = {
			isa = PBXNativeTarget;
			buildConfigurationList = DD0B18921D1E4FB000F6605C /* Build configuration list for PBXNativeTarget "TenStarUITests" */;
			buildPhases = (
				DD0B187F1D1E4FB000F6605C /* Sources */,
				DD0B18801D1E4FB000F6605C /* Frameworks */,
				DD0B18811D1E4FB000F6605C /* Resources */,
			);
			buildRules = (
			);
			dependencies = (
				DD0B18851D1E4FB000F6605C /* PBXTargetDependency */,
			);
			name = TenStarUITests;
			productName = TenStarUITests;
			productReference = DD0B18831D1E4FB000F6605C /* TenStarUITests.xctest */;
			productType = "com.apple.product-type.bundle.ui-testing";
		};
/* End PBXNativeTarget section */

/* Begin PBXProject section */
		DD0B18571D1E4FB000F6605C /* Project object */ = {
			isa = PBXProject;
			attributes = {
				LastUpgradeCheck = 0720;
				ORGANIZATIONNAME = Dharasis;
				TargetAttributes = {
					DD0B185E1D1E4FB000F6605C = {
						CreatedOnToolsVersion = 7.2;
						DevelopmentTeam = Z3T7J5444E;
						SystemCapabilities = {
							com.apple.BackgroundModes = {
								enabled = 1;
							};
						};
					};
					DD0B18771D1E4FB000F6605C = {
						CreatedOnToolsVersion = 7.2;
						TestTargetID = DD0B185E1D1E4FB000F6605C;
					};
					DD0B18821D1E4FB000F6605C = {
						CreatedOnToolsVersion = 7.2;
						TestTargetID = DD0B185E1D1E4FB000F6605C;
					};
				};
			};
			buildConfigurationList = DD0B185A1D1E4FB000F6605C /* Build configuration list for PBXProject "TenStar" */;
			compatibilityVersion = "Xcode 3.2";
			developmentRegion = English;
			hasScannedForEncodings = 0;
			knownRegions = (
				en,
				Base,
			);
			mainGroup = DD0B18561D1E4FB000F6605C;
			productRefGroup = DD0B18601D1E4FB000F6605C /* Products */;
			projectDirPath = "";
			projectRoot = "";
			targets = (
				DD0B185E1D1E4FB000F6605C /* TenStar */,
				DD0B18771D1E4FB000F6605C /* TenStarTests */,
				DD0B18821D1E4FB000F6605C /* TenStarUITests */,
			);
		};
/* End PBXProject section */

/* Begin PBXResourcesBuildPhase section */
		DD0B185D1D1E4FB000F6605C /* Resources */ = {
			isa = PBXResourcesBuildPhase;
			buildActionMask = 2147483647;
			files = (
				DD0B18721D1E4FB000F6605C /* LaunchScreen.storyboard in Resources */,
				DD74B50D1D56A09C0058A24A /* SVProgressHUD.bundle in Resources */,
				DD5F5C5E1D40C71000EA4659 /* update-password.png in Resources */,
				DD0B18971D1E523200F6605C /* login-head.png in Resources */,
				DDF10DEB1D303BD200BAC91E /* dashboard-background.png in Resources */,
				DD0B186F1D1E4FB000F6605C /* Assets.xcassets in Resources */,
				DD5F5C591D40C39200EA4659 /* Screen Shot 2016-03-21 at 11.33.05 pm.png in Resources */,
				DDF10DF11D303DAA00BAC91E /* arrow-down.png in Resources */,
				DD0B186D1D1E4FB000F6605C /* Main.storyboard in Resources */,
			);
			runOnlyForDeploymentPostprocessing = 0;
		};
		DD0B18761D1E4FB000F6605C /* Resources */ = {
			isa = PBXResourcesBuildPhase;
			buildActionMask = 2147483647;
			files = (
			);
			runOnlyForDeploymentPostprocessing = 0;
		};
		DD0B18811D1E4FB000F6605C /* Resources */ = {
			isa = PBXResourcesBuildPhase;
			buildActionMask = 2147483647;
			files = (
			);
			runOnlyForDeploymentPostprocessing = 0;
		};
/* End PBXResourcesBuildPhase section */

/* Begin PBXSourcesBuildPhase section */
		DD0B185B1D1E4FB000F6605C /* Sources */ = {
			isa = PBXSourcesBuildPhase;
			buildActionMask = 2147483647;
			files = (
				DD4C7CCF1D4FEF3A00041C53 /* UIImage+GIF.m in Sources */,
				DD74B4EA1D56146E0058A24A /* Maintenance_11.m in Sources */,
				DD74B4E41D5611910058A24A /* Maintenance_9.m in Sources */,
				DD74B4D81D5608870058A24A /* Maintenance_5.m in Sources */,
				DDBF49B01D1F1EF20030F8BA /* UIView+Toast.m in Sources */,
				DD74B50E1D56A09C0058A24A /* SVProgressHUD.m in Sources */,
				DD0B186A1D1E4FB000F6605C /* ViewController.m in Sources */,
				DD74B4E11D5611000058A24A /* Maintenance_8.m in Sources */,
				DDAB65951D2EE6F9009DBC31 /* RootViewController.m in Sources */,
				DD74B4FC1D562DC90058A24A /* Maintenance_2.m in Sources */,
				DD74B4D51D56050B0058A24A /* Maintenance_4.m in Sources */,
				DD5F5C5C1D40C41D00EA4659 /* ChangePasswordVC.m in Sources */,
				DD74B4DE1D560FED0058A24A /* Maintenance_7.m in Sources */,
				DD4C7CD11D4FEF3A00041C53 /* UIImage+WebP.m in Sources */,
				DDF5AD661D6E1A0F00CD471F /* ViewMaintenance.m in Sources */,
				DD4C7CC61D4FEF3A00041C53 /* NSData+ImageContentType.m in Sources */,
				DD0B18671D1E4FB000F6605C /* AppDelegate.m in Sources */,
				DDDA45A81D36C290003115E2 /* ProfileVC.m in Sources */,
				DD4C7CC91D4FEF3A00041C53 /* SDWebImageDecoder.m in Sources */,
				DD9B8C961D59BBB100E53E77 /* Maintenance_10s.m in Sources */,
				DD0B18641D1E4FB000F6605C /* main.m in Sources */,
				DD303ABF1DBFEFF200465610 /* Maintenance_16.m in Sources */,
				DD4C7CCE1D4FEF3A00041C53 /* UIButton+WebCache.m in Sources */,
				DD4C7CCC1D4FEF3A00041C53 /* SDWebImageManager.m in Sources */,
				DD74B4E71D56132A0058A24A /* Maintenance_10.m in Sources */,
				DD74B4F91D561C970058A24A /* Maintenance_14.m in Sources */,
				DDDA45AE1D36DC4E003115E2 /* SelectDoorVC.m in Sources */,
				DD74B4ED1D56153B0058A24A /* Maintenance_12.m in Sources */,
				DD15C0C11DC5C5090005D713 /* NSObject+ChooseRegionManager.m in Sources */,
				DD9B8C991D59BE0A00E53E77 /* Maintenance_11s.m in Sources */,
				DDAF05C21D592E8600FDFDC6 /* Maintenance_9s.m in Sources */,
				DD4C7CD31D4FEF3A00041C53 /* UIImageView+WebCache.m in Sources */,
				DD28DA871D493D7700A07829 /* DoorListVC.m in Sources */,
				DD47A74C1D505B3C0072E073 /* UpdateDoorVC.m in Sources */,
				DD74B50B1D56A09C0058A24A /* SVIndefiniteAnimatedView.m in Sources */,
				DD1224031D2918D100A729F8 /* APIHelperClass.m in Sources */,
				DDF10DF41D30592F00BAC91E /* MaintenanceVC.m in Sources */,
				DDCE66E21D4A9F940068ACBA /* ViewDoorVC.m in Sources */,
				DD4C7CD21D4FEF3A00041C53 /* UIImageView+HighlightedWebCache.m in Sources */,
				DD4C7CCA1D4FEF3A00041C53 /* SDWebImageDownloader.m in Sources */,
				DDB9057E1D53E7E600D43F98 /* Maintenance_1.m in Sources */,
				DD4C7CCD1D4FEF3A00041C53 /* SDWebImagePrefetcher.m in Sources */,
				DD74B4DB1D560AC90058A24A /* Maintenance_6.m in Sources */,
				DD74B4F01D5616200058A24A /* Maintenance_13.m in Sources */,
				DDAF05BF1D592BAA00FDFDC6 /* Maintenance_6s.m in Sources */,
				DDC5D9B11D4D434600861611 /* AddDoorVC.m in Sources */,
				DD4C7CC71D4FEF3A00041C53 /* SDImageCache.m in Sources */,
				DD74B4CF1D55D94F0058A24A /* MAintenance_2ViewController.m in Sources */,
				DDE9CC1D1D526B60006A7417 /* NotificationVC.m in Sources */,
				DD303ABC1DBFEC7D00465610 /* Maintenance_15.m in Sources */,
				DD517CDA1D55307D00A70481 /* CustomAnnotation.m in Sources */,
				DD74B50C1D56A09C0058A24A /* SVProgressAnimatedView.m in Sources */,
				DD4C7CCB1D4FEF3A00041C53 /* SDWebImageDownloaderOperation.m in Sources */,
				DD74B4FF1D5649500058A24A /* Maintenance_5s.m in Sources */,
				DDD7CD2E1D718D4400D6B1CE /* ViewMaintenancePhoto.m in Sources */,
				DDF10DE91D303B1B00BAC91E /* DashBoardVC.m in Sources */,
				DD4C7CC51D4FEF3A00041C53 /* MKAnnotationView+WebCache.m in Sources */,
				DD4C7CD01D4FEF3A00041C53 /* UIImage+MultiFormat.m in Sources */,
				DD74B4D21D5602BA0058A24A /* Maintenance3.m in Sources */,
				DD4C7CD41D4FEF3A00041C53 /* UIView+WebCacheOperation.m in Sources */,
				DD4C7CC81D4FEF3A00041C53 /* SDWebImageCompat.m in Sources */,
				DDC5D9681D4C869B00861611 /* TableViewCell.m in Sources */,
				DDDA45AB1D36D598003115E2 /* MapClass.m in Sources */,
				DD74B50F1D56A09C0058A24A /* SVRadialGradientLayer.m in Sources */,
			);
			runOnlyForDeploymentPostprocessing = 0;
		};
		DD0B18741D1E4FB000F6605C /* Sources */ = {
			isa = PBXSourcesBuildPhase;
			buildActionMask = 2147483647;
			files = (
				DD0B187D1D1E4FB000F6605C /* TenStarTests.m in Sources */,
			);
			runOnlyForDeploymentPostprocessing = 0;
		};
		DD0B187F1D1E4FB000F6605C /* Sources */ = {
			isa = PBXSourcesBuildPhase;
			buildActionMask = 2147483647;
			files = (
				DD0B18881D1E4FB000F6605C /* TenStarUITests.m in Sources */,
			);
			runOnlyForDeploymentPostprocessing = 0;
		};
/* End PBXSourcesBuildPhase section */

/* Begin PBXTargetDependency section */
		DD0B187A1D1E4FB000F6605C /* PBXTargetDependency */ = {
			isa = PBXTargetDependency;
			target = DD0B185E1D1E4FB000F6605C /* TenStar */;
			targetProxy = DD0B18791D1E4FB000F6605C /* PBXContainerItemProxy */;
		};
		DD0B18851D1E4FB000F6605C /* PBXTargetDependency */ = {
			isa = PBXTargetDependency;
			target = DD0B185E1D1E4FB000F6605C /* TenStar */;
			targetProxy = DD0B18841D1E4FB000F6605C /* PBXContainerItemProxy */;
		};
/* End PBXTargetDependency section */

/* Begin PBXVariantGroup section */
		DD0B186B1D1E4FB000F6605C /* Main.storyboard */ = {
			isa = PBXVariantGroup;
			children = (
				DD0B186C1D1E4FB000F6605C /* Base */,
			);
			name = Main.storyboard;
			sourceTree = "<group>";
		};
		DD0B18701D1E4FB000F6605C /* LaunchScreen.storyboard */ = {
			isa = PBXVariantGroup;
			children = (
				DD0B18711D1E4FB000F6605C /* Base */,
			);
			name = LaunchScreen.storyboard;
			sourceTree = "<group>";
		};
/* End PBXVariantGroup section */

/* Begin XCBuildConfiguration section */
		DD0B188A1D1E4FB000F6605C /* Debug */ = {
			isa = XCBuildConfiguration;
			buildSettings = {
				ALWAYS_SEARCH_USER_PATHS = NO;
				CLANG_CXX_LANGUAGE_STANDARD = "gnu++0x";
				CLANG_CXX_LIBRARY = "libc++";
				CLANG_ENABLE_MODULES = YES;
				CLANG_ENABLE_OBJC_ARC = YES;
				CLANG_WARN_BOOL_CONVERSION = YES;
				CLANG_WARN_CONSTANT_CONVERSION = YES;
				CLANG_WARN_DIRECT_OBJC_ISA_USAGE = YES_ERROR;
				CLANG_WARN_EMPTY_BODY = YES;
				CLANG_WARN_ENUM_CONVERSION = YES;
				CLANG_WARN_INT_CONVERSION = YES;
				CLANG_WARN_OBJC_ROOT_CLASS = YES_ERROR;
				CLANG_WARN_UNREACHABLE_CODE = YES;
				CLANG_WARN__DUPLICATE_METHOD_MATCH = YES;
				CODE_SIGN_IDENTITY = "iPhone Distribution: Technology distributions Ltd (Z3T7J5444E)";
				"CODE_SIGN_IDENTITY[sdk=iphoneos*]" = "iPhone Distribution: Technology distributions Ltd (Z3T7J5444E)";
				COPY_PHASE_STRIP = NO;
				DEBUG_INFORMATION_FORMAT = dwarf;
				ENABLE_STRICT_OBJC_MSGSEND = YES;
				ENABLE_TESTABILITY = YES;
				GCC_C_LANGUAGE_STANDARD = gnu99;
				GCC_DYNAMIC_NO_PIC = NO;
				GCC_NO_COMMON_BLOCKS = YES;
				GCC_OPTIMIZATION_LEVEL = 0;
				GCC_PREPROCESSOR_DEFINITIONS = (
					"DEBUG=1",
					"$(inherited)",
				);
				GCC_WARN_64_TO_32_BIT_CONVERSION = YES;
				GCC_WARN_ABOUT_RETURN_TYPE = YES_ERROR;
				GCC_WARN_UNDECLARED_SELECTOR = YES;
				GCC_WARN_UNINITIALIZED_AUTOS = YES_AGGRESSIVE;
				GCC_WARN_UNUSED_FUNCTION = YES;
				GCC_WARN_UNUSED_VARIABLE = YES;
				IPHONEOS_DEPLOYMENT_TARGET = 9.2;
				MTL_ENABLE_DEBUG_INFO = YES;
				ONLY_ACTIVE_ARCH = YES;
				PROVISIONING_PROFILE = "ee7cfa8a-454b-4765-883c-09af0a8b7920";
				SDKROOT = iphoneos;
				TARGETED_DEVICE_FAMILY = "1,2";
			};
			name = Debug;
		};
		DD0B188B1D1E4FB000F6605C /* Release */ = {
			isa = XCBuildConfiguration;
			buildSettings = {
				ALWAYS_SEARCH_USER_PATHS = NO;
				CLANG_CXX_LANGUAGE_STANDARD = "gnu++0x";
				CLANG_CXX_LIBRARY = "libc++";
				CLANG_ENABLE_MODULES = YES;
				CLANG_ENABLE_OBJC_ARC = YES;
				CLANG_WARN_BOOL_CONVERSION = YES;
				CLANG_WARN_CONSTANT_CONVERSION = YES;
				CLANG_WARN_DIRECT_OBJC_ISA_USAGE = YES_ERROR;
				CLANG_WARN_EMPTY_BODY = YES;
				CLANG_WARN_ENUM_CONVERSION = YES;
				CLANG_WARN_INT_CONVERSION = YES;
				CLANG_WARN_OBJC_ROOT_CLASS = YES_ERROR;
				CLANG_WARN_UNREACHABLE_CODE = YES;
				CLANG_WARN__DUPLICATE_METHOD_MATCH = YES;
				CODE_SIGN_IDENTITY = "iPhone Distribution: Technology distributions Ltd (Z3T7J5444E)";
				"CODE_SIGN_IDENTITY[sdk=iphoneos*]" = "iPhone Distribution: Technology distributions Ltd (Z3T7J5444E)";
				COPY_PHASE_STRIP = NO;
				DEBUG_INFORMATION_FORMAT = "dwarf-with-dsym";
				ENABLE_NS_ASSERTIONS = NO;
				ENABLE_STRICT_OBJC_MSGSEND = YES;
				GCC_C_LANGUAGE_STANDARD = gnu99;
				GCC_NO_COMMON_BLOCKS = YES;
				GCC_WARN_64_TO_32_BIT_CONVERSION = YES;
				GCC_WARN_ABOUT_RETURN_TYPE = YES_ERROR;
				GCC_WARN_UNDECLARED_SELECTOR = YES;
				GCC_WARN_UNINITIALIZED_AUTOS = YES_AGGRESSIVE;
				GCC_WARN_UNUSED_FUNCTION = YES;
				GCC_WARN_UNUSED_VARIABLE = YES;
				IPHONEOS_DEPLOYMENT_TARGET = 9.2;
				MTL_ENABLE_DEBUG_INFO = NO;
				PROVISIONING_PROFILE = "ee7cfa8a-454b-4765-883c-09af0a8b7920";
				SDKROOT = iphoneos;
				TARGETED_DEVICE_FAMILY = "1,2";
				VALIDATE_PRODUCT = YES;
			};
			name = Release;
		};
		DD0B188D1D1E4FB000F6605C /* Debug */ = {
			isa = XCBuildConfiguration;
			buildSettings = {
				ASSETCATALOG_COMPILER_APPICON_NAME = AppIcon;
				ASSETCATALOG_COMPILER_LAUNCHIMAGE_NAME = "Brand Assets";
				CODE_SIGN_IDENTITY = "iPhone Distribution: Technology distributions Ltd (Z3T7J5444E)";
				"CODE_SIGN_IDENTITY[sdk=iphoneos*]" = "iPhone Distribution: Technology distributions Ltd (Z3T7J5444E)";
				ENABLE_BITCODE = NO;
				FRAMEWORK_SEARCH_PATHS = (
					"$(inherited)",
					"$(PROJECT_DIR)/Frameworks",
				);
				GCC_PREFIX_HEADER = "TenStar/TenStar-Prefix.pch";
				INFOPLIST_FILE = TenStar/Info.plist;
				IPHONEOS_DEPLOYMENT_TARGET = 9.0;
				LD_RUNPATH_SEARCH_PATHS = "$(inherited) @executable_path/Frameworks";
				PRODUCT_BUNDLE_IDENTIFIER = com.TenStar.app;
				PRODUCT_NAME = "Star Guide";
				PROVISIONING_PROFILE = "ee7cfa8a-454b-4765-883c-09af0a8b7920";
				TARGETED_DEVICE_FAMILY = 1;
			};
			name = Debug;
		};
		DD0B188E1D1E4FB000F6605C /* Release */ = {
			isa = XCBuildConfiguration;
			buildSettings = {
				ASSETCATALOG_COMPILER_APPICON_NAME = AppIcon;
				ASSETCATALOG_COMPILER_LAUNCHIMAGE_NAME = "Brand Assets";
				CODE_SIGN_IDENTITY = "iPhone Distribution: Technology distributions Ltd (Z3T7J5444E)";
				"CODE_SIGN_IDENTITY[sdk=iphoneos*]" = "iPhone Distribution: Technology distributions Ltd (Z3T7J5444E)";
				ENABLE_BITCODE = NO;
				FRAMEWORK_SEARCH_PATHS = (
					"$(inherited)",
					"$(PROJECT_DIR)/Frameworks",
				);
				GCC_PREFIX_HEADER = "TenStar/TenStar-Prefix.pch";
				INFOPLIST_FILE = TenStar/Info.plist;
				IPHONEOS_DEPLOYMENT_TARGET = 9.0;
				LD_RUNPATH_SEARCH_PATHS = "$(inherited) @executable_path/Frameworks";
				PRODUCT_BUNDLE_IDENTIFIER = com.TenStar.app;
				PRODUCT_NAME = "Star Guide";
				PROVISIONING_PROFILE = "ee7cfa8a-454b-4765-883c-09af0a8b7920";
				TARGETED_DEVICE_FAMILY = 1;
			};
			name = Release;
		};
		DD0B18901D1E4FB000F6605C /* Debug */ = {
			isa = XCBuildConfiguration;
			buildSettings = {
				BUNDLE_LOADER = "$(TEST_HOST)";
				INFOPLIST_FILE = TenStarTests/Info.plist;
				LD_RUNPATH_SEARCH_PATHS = "$(inherited) @executable_path/Frameworks @loader_path/Frameworks";
				PRODUCT_BUNDLE_IDENTIFIER = dharasis.TenStarTests;
				PRODUCT_NAME = "$(TARGET_NAME)";
				TEST_HOST = "$(BUILT_PRODUCTS_DIR)/TenStar.app/TenStar";
			};
			name = Debug;
		};
		DD0B18911D1E4FB000F6605C /* Release */ = {
			isa = XCBuildConfiguration;
			buildSettings = {
				BUNDLE_LOADER = "$(TEST_HOST)";
				INFOPLIST_FILE = TenStarTests/Info.plist;
				LD_RUNPATH_SEARCH_PATHS = "$(inherited) @executable_path/Frameworks @loader_path/Frameworks";
				PRODUCT_BUNDLE_IDENTIFIER = dharasis.TenStarTests;
				PRODUCT_NAME = "$(TARGET_NAME)";
				TEST_HOST = "$(BUILT_PRODUCTS_DIR)/TenStar.app/TenStar";
			};
			name = Release;
		};
		DD0B18931D1E4FB000F6605C /* Debug */ = {
			isa = XCBuildConfiguration;
			buildSettings = {
				INFOPLIST_FILE = TenStarUITests/Info.plist;
				LD_RUNPATH_SEARCH_PATHS = "$(inherited) @executable_path/Frameworks @loader_path/Frameworks";
				PRODUCT_BUNDLE_IDENTIFIER = dharasis.TenStarUITests;
				PRODUCT_NAME = "$(TARGET_NAME)";
				TEST_TARGET_NAME = TenStar;
				USES_XCTRUNNER = YES;
			};
			name = Debug;
		};
		DD0B18941D1E4FB000F6605C /* Release */ = {
			isa = XCBuildConfiguration;
			buildSettings = {
				INFOPLIST_FILE = TenStarUITests/Info.plist;
				LD_RUNPATH_SEARCH_PATHS = "$(inherited) @executable_path/Frameworks @loader_path/Frameworks";
				PRODUCT_BUNDLE_IDENTIFIER = dharasis.TenStarUITests;
				PRODUCT_NAME = "$(TARGET_NAME)";
				TEST_TARGET_NAME = TenStar;
				USES_XCTRUNNER = YES;
			};
			name = Release;
		};
/* End XCBuildConfiguration section */

/* Begin XCConfigurationList section */
		DD0B185A1D1E4FB000F6605C /* Build configuration list for PBXProject "TenStar" */ = {
			isa = XCConfigurationList;
			buildConfigurations = (
				DD0B188A1D1E4FB000F6605C /* Debug */,
				DD0B188B1D1E4FB000F6605C /* Release */,
			);
			defaultConfigurationIsVisible = 0;
			defaultConfigurationName = Release;
		};
		DD0B188C1D1E4FB000F6605C /* Build configuration list for PBXNativeTarget "TenStar" */ = {
			isa = XCConfigurationList;
			buildConfigurations = (
				DD0B188D1D1E4FB000F6605C /* Debug */,
				DD0B188E1D1E4FB000F6605C /* Release */,
			);
			defaultConfigurationIsVisible = 0;
			defaultConfigurationName = Release;
		};
		DD0B188F1D1E4FB000F6605C /* Build configuration list for PBXNativeTarget "TenStarTests" */ = {
			isa = XCConfigurationList;
			buildConfigurations = (
				DD0B18901D1E4FB000F6605C /* Debug */,
				DD0B18911D1E4FB000F6605C /* Release */,
			);
			defaultConfigurationIsVisible = 0;
			defaultConfigurationName = Release;
		};
		DD0B18921D1E4FB000F6605C /* Build configuration list for PBXNativeTarget "TenStarUITests" */ = {
			isa = XCConfigurationList;
			buildConfigurations = (
				DD0B18931D1E4FB000F6605C /* Debug */,
				DD0B18941D1E4FB000F6605C /* Release */,
			);
			defaultConfigurationIsVisible = 0;
			defaultConfigurationName = Release;
		};
/* End XCConfigurationList section */
	};
	rootObject = DD0B18571D1E4FB000F6605C /* Project object */;
}
